// !$*UTF8*$!
{
archiveVersion = 1;
classes = {};
objectVersion = 56;
objects = {
57968197C03A9454ACC8E98C = { "isa" = "PBXFileReference"; "lastKnownFileType" = "sourcecode.swift"; "path" = "Sources/Playdock/AppHeader.swift"; "sourceTree" = "SOURCE_ROOT"; };
336E958E0C5ACD43DFD09FD2 = { "isa" = "PBXFileReference"; "lastKnownFileType" = "sourcecode.swift"; "path" = "Sources/Playdock/AppPresentation.swift"; "sourceTree" = "SOURCE_ROOT"; };
9BD2A4459C024011C443DA8D = { "isa" = "PBXFileReference"; "lastKnownFileType" = "sourcecode.swift"; "path" = "Sources/Playdock/AppSidebar.swift"; "sourceTree" = "SOURCE_ROOT"; };
7DD5D792E6E0D7A5D9B6E21F = { "isa" = "PBXFileReference"; "lastKnownFileType" = "sourcecode.swift"; "path" = "Sources/Playdock/AppWorkspace.swift"; "sourceTree" = "SOURCE_ROOT"; };
E5CBA38110FD8F056352346A = { "isa" = "PBXFileReference"; "lastKnownFileType" = "sourcecode.swift"; "path" = "Sources/Playdock/ChatView.swift"; "sourceTree" = "SOURCE_ROOT"; };
EAED93184E34CCAB78A577C1 = { "isa" = "PBXFileReference"; "lastKnownFileType" = "sourcecode.swift"; "path" = "Sources/Playdock/CollectionsView.swift"; "sourceTree" = "SOURCE_ROOT"; };
414E13CB42D2CC46384CE4FD = { "isa" = "PBXFileReference"; "lastKnownFileType" = "sourcecode.swift"; "path" = "Sources/Playdock/ContentView.swift"; "sourceTree" = "SOURCE_ROOT"; };
611343285801239041893397 = { "isa" = "PBXFileReference"; "lastKnownFileType" = "sourcecode.swift"; "path" = "Sources/Playdock/CouchControls.swift"; "sourceTree" = "SOURCE_ROOT"; };
421EDF2ABF0E9910F03ABC92 = { "isa" = "PBXFileReference"; "lastKnownFileType" = "sourcecode.swift"; "path" = "Sources/Playdock/CouchFocus.swift"; "sourceTree" = "SOURCE_ROOT"; };
EF52724F0C3A09C0B9C0F1C7 = { "isa" = "PBXFileReference"; "lastKnownFileType" = "sourcecode.swift"; "path" = "Sources/Playdock/CouchView.swift"; "sourceTree" = "SOURCE_ROOT"; };
9A034431EAE362B2D332F18E = { "isa" = "PBXFileReference"; "lastKnownFileType" = "sourcecode.swift"; "path" = "Sources/Playdock/DevelopmentControls.swift"; "sourceTree" = "SOURCE_ROOT"; };
AB35CD87B9DB139AAAB21DAF = { "isa" = "PBXFileReference"; "lastKnownFileType" = "sourcecode.swift"; "path" = "Sources/Playdock/DiagnosticsView.swift"; "sourceTree" = "SOURCE_ROOT"; };
C7D5944CF51230F96106CA3B = { "isa" = "PBXFileReference"; "lastKnownFileType" = "sourcecode.swift"; "path" = "Sources/Playdock/DownloadPolicyView.swift"; "sourceTree" = "SOURCE_ROOT"; };
3ADB5A2FD5AC69B5B97DAA76 = { "isa" = "PBXFileReference"; "lastKnownFileType" = "sourcecode.swift"; "path" = "Sources/Playdock/DownloadsView.swift"; "sourceTree" = "SOURCE_ROOT"; };
0F29CBE9C52E79916336D164 = { "isa" = "PBXFileReference"; "lastKnownFileType" = "sourcecode.swift"; "path" = "Sources/Playdock/GameCard.swift"; "sourceTree" = "SOURCE_ROOT"; };
993F630A9662F7C388F9DB86 = { "isa" = "PBXFileReference"; "lastKnownFileType" = "sourcecode.swift"; "path" = "Sources/Playdock/GameCompatibilityView.swift"; "sourceTree" = "SOURCE_ROOT"; };
B15ECC46742DF23AC8010AB0 = { "isa" = "PBXFileReference"; "lastKnownFileType" = "sourcecode.swift"; "path" = "Sources/Playdock/GameDetailView.swift"; "sourceTree" = "SOURCE_ROOT"; };
C13AB45F7B368160890A738B = { "isa" = "PBXFileReference"; "lastKnownFileType" = "sourcecode.swift"; "path" = "Sources/Playdock/GamePerformanceView.swift"; "sourceTree" = "SOURCE_ROOT"; };
0296327C527AA0D12A832985 = { "isa" = "PBXFileReference"; "lastKnownFileType" = "sourcecode.swift"; "path" = "Sources/Playdock/GamePreferencesView.swift"; "sourceTree" = "SOURCE_ROOT"; };
454A8B22155CAC3D1CF998FA = { "isa" = "PBXFileReference"; "lastKnownFileType" = "sourcecode.swift"; "path" = "Sources/Playdock/HomeView.swift"; "sourceTree" = "SOURCE_ROOT"; };
7E97914FC4BBFF7AEA5D80EC = { "isa" = "PBXFileReference"; "lastKnownFileType" = "sourcecode.swift"; "path" = "Sources/Playdock/LauncherModel+BridgeSetup.swift"; "sourceTree" = "SOURCE_ROOT"; };
28843006A9EF1EF5B2120C07 = { "isa" = "PBXFileReference"; "lastKnownFileType" = "sourcecode.swift"; "path" = "Sources/Playdock/LauncherModel+Debug.swift"; "sourceTree" = "SOURCE_ROOT"; };
373BB424ED32E86013EEC5AE = { "isa" = "PBXFileReference"; "lastKnownFileType" = "sourcecode.swift"; "path" = "Sources/Playdock/LauncherModel+Downloads.swift"; "sourceTree" = "SOURCE_ROOT"; };
3F1613FCBF23836D6C3139FC = { "isa" = "PBXFileReference"; "lastKnownFileType" = "sourcecode.swift"; "path" = "Sources/Playdock/LauncherModel+GameFeatures.swift"; "sourceTree" = "SOURCE_ROOT"; };
D6F633370DD9831C8AFBA67E = { "isa" = "PBXFileReference"; "lastKnownFileType" = "sourcecode.swift"; "path" = "Sources/Playdock/LauncherModel+Installation.swift"; "sourceTree" = "SOURCE_ROOT"; };
869B7229AC6B3CE7E71104F3 = { "isa" = "PBXFileReference"; "lastKnownFileType" = "sourcecode.swift"; "path" = "Sources/Playdock/LauncherModel+Launching.swift"; "sourceTree" = "SOURCE_ROOT"; };
7013760B98E5B651B9DD046A = { "isa" = "PBXFileReference"; "lastKnownFileType" = "sourcecode.swift"; "path" = "Sources/Playdock/LauncherModel+Library.swift"; "sourceTree" = "SOURCE_ROOT"; };
F64180F36A47D4C659174520 = { "isa" = "PBXFileReference"; "lastKnownFileType" = "sourcecode.swift"; "path" = "Sources/Playdock/LauncherModel+Performance.swift"; "sourceTree" = "SOURCE_ROOT"; };
73A988F866D2E3804A4731D4 = { "isa" = "PBXFileReference"; "lastKnownFileType" = "sourcecode.swift"; "path" = "Sources/Playdock/LauncherModel+Preferences.swift"; "sourceTree" = "SOURCE_ROOT"; };
E48CE5EEC98ADDB1085CC33C = { "isa" = "PBXFileReference"; "lastKnownFileType" = "sourcecode.swift"; "path" = "Sources/Playdock/LauncherModel+Runtime.swift"; "sourceTree" = "SOURCE_ROOT"; };
A90A7BAA0E12668CBA3CA74C = { "isa" = "PBXFileReference"; "lastKnownFileType" = "sourcecode.swift"; "path" = "Sources/Playdock/LauncherModel+Sessions.swift"; "sourceTree" = "SOURCE_ROOT"; };
3FF3B454E29910D549CECEF4 = { "isa" = "PBXFileReference"; "lastKnownFileType" = "sourcecode.swift"; "path" = "Sources/Playdock/LauncherModel+Settings.swift"; "sourceTree" = "SOURCE_ROOT"; };
9F527D5AD4B9BD8EA48A9642 = { "isa" = "PBXFileReference"; "lastKnownFileType" = "sourcecode.swift"; "path" = "Sources/Playdock/LauncherModel+Social.swift"; "sourceTree" = "SOURCE_ROOT"; };
2A1EAE0FA18500F6363B099F = { "isa" = "PBXFileReference"; "lastKnownFileType" = "sourcecode.swift"; "path" = "Sources/Playdock/LauncherModel+SteamConnection.swift"; "sourceTree" = "SOURCE_ROOT"; };
FDA5D5B7EC12B2110E4A1238 = { "isa" = "PBXFileReference"; "lastKnownFileType" = "sourcecode.swift"; "path" = "Sources/Playdock/LauncherModel+SteamSignIn.swift"; "sourceTree" = "SOURCE_ROOT"; };
CA5B679A4A6E1383929424BB = { "isa" = "PBXFileReference"; "lastKnownFileType" = "sourcecode.swift"; "path" = "Sources/Playdock/LauncherModel.swift"; "sourceTree" = "SOURCE_ROOT"; };
C5CF22714602F409F25F2A3E = { "isa" = "PBXFileReference"; "lastKnownFileType" = "sourcecode.swift"; "path" = "Sources/Playdock/LibraryView.swift"; "sourceTree" = "SOURCE_ROOT"; };
C4706981BC8E09BE1DC8143D = { "isa" = "PBXFileReference"; "lastKnownFileType" = "sourcecode.swift"; "path" = "Sources/Playdock/NativeAppearance.swift"; "sourceTree" = "SOURCE_ROOT"; };
B77D8C681A5ED979E758F195 = { "isa" = "PBXFileReference"; "lastKnownFileType" = "sourcecode.swift"; "path" = "Sources/Playdock/NativeSession.swift"; "sourceTree" = "SOURCE_ROOT"; };
344BDD8F2E07673E73DED9E9 = { "isa" = "PBXFileReference"; "lastKnownFileType" = "sourcecode.swift"; "path" = "Sources/Playdock/ObservedFeatures.swift"; "sourceTree" = "SOURCE_ROOT"; };
DBDB2DECEA6E9B058FF74E4D = { "isa" = "PBXFileReference"; "lastKnownFileType" = "sourcecode.swift"; "path" = "Sources/Playdock/PlayFeatureViews.swift"; "sourceTree" = "SOURCE_ROOT"; };
6C4CC95D5A92C56005E333EE = { "isa" = "PBXFileReference"; "lastKnownFileType" = "sourcecode.swift"; "path" = "Sources/Playdock/PlaydockApp.swift"; "sourceTree" = "SOURCE_ROOT"; };
6BE6FCC88177E148336F7EE3 = { "isa" = "PBXFileReference"; "lastKnownFileType" = "sourcecode.swift"; "path" = "Sources/Playdock/QuickLauncherView.swift"; "sourceTree" = "SOURCE_ROOT"; };
FD052360D174BA8746BDC9A7 = { "isa" = "PBXFileReference"; "lastKnownFileType" = "sourcecode.swift"; "path" = "Sources/Playdock/SetupViews.swift"; "sourceTree" = "SOURCE_ROOT"; };
B96B1161EB799ED17EAEDB19 = { "isa" = "PBXFileReference"; "lastKnownFileType" = "sourcecode.swift"; "path" = "Sources/Playdock/SteamBackend.swift"; "sourceTree" = "SOURCE_ROOT"; };
A1234D292C75F8C64F999A6F = { "isa" = "PBXFileReference"; "lastKnownFileType" = "sourcecode.swift"; "path" = "Sources/Playdock/SteamBridgeSetupView.swift"; "sourceTree" = "SOURCE_ROOT"; };
3DEB013523A5C61B116AE193 = { "isa" = "PBXFileReference"; "lastKnownFileType" = "sourcecode.swift"; "path" = "Sources/Playdock/SteamControlsView.swift"; "sourceTree" = "SOURCE_ROOT"; };
8D9DFAF44264067DC786B1C6 = { "isa" = "PBXFileReference"; "lastKnownFileType" = "sourcecode.swift"; "path" = "Sources/Playdock/SteamLaunchPromptView.swift"; "sourceTree" = "SOURCE_ROOT"; };
A1E099722C1A8C3BA1BECF14 = { "isa" = "PBXFileReference"; "lastKnownFileType" = "sourcecode.swift"; "path" = "Sources/Playdock/SteamNotifications.swift"; "sourceTree" = "SOURCE_ROOT"; };
92486AA109EAB732B508261C = { "isa" = "PBXFileReference"; "lastKnownFileType" = "sourcecode.swift"; "path" = "Sources/Playdock/UninstallGameView.swift"; "sourceTree" = "SOURCE_ROOT"; };
8B68F52F8BCFF259E696BD86 = { "isa" = "PBXFileReference"; "lastKnownFileType" = "sourcecode.swift"; "path" = "Sources/Playdock/WindowsAppsView.swift"; "sourceTree" = "SOURCE_ROOT"; };
52BA30DF9079E8E1F1DC6672 = { "isa" = "PBXFileReference"; "lastKnownFileType" = "sourcecode.swift"; "path" = "Sources/Playdock/WorkshopView.swift"; "sourceTree" = "SOURCE_ROOT"; };
EC4F8462403E4853758E3488 = { "isa" = "PBXGroup"; "name" = "Playdock"; "children" = ( "57968197C03A9454ACC8E98C", "336E958E0C5ACD43DFD09FD2", "9BD2A4459C024011C443DA8D", "7DD5D792E6E0D7A5D9B6E21F", "E5CBA38110FD8F056352346A", "EAED93184E34CCAB78A577C1", "414E13CB42D2CC46384CE4FD", "611343285801239041893397", "421EDF2ABF0E9910F03ABC92", "EF52724F0C3A09C0B9C0F1C7", "9A034431EAE362B2D332F18E", "AB35CD87B9DB139AAAB21DAF", "C7D5944CF51230F96106CA3B", "3ADB5A2FD5AC69B5B97DAA76", "0F29CBE9C52E79916336D164", "993F630A9662F7C388F9DB86", "B15ECC46742DF23AC8010AB0", "C13AB45F7B368160890A738B", "0296327C527AA0D12A832985", "454A8B22155CAC3D1CF998FA", "7E97914FC4BBFF7AEA5D80EC", "28843006A9EF1EF5B2120C07", "373BB424ED32E86013EEC5AE", "3F1613FCBF23836D6C3139FC", "D6F633370DD9831C8AFBA67E", "869B7229AC6B3CE7E71104F3", "7013760B98E5B651B9DD046A", "F64180F36A47D4C659174520", "73A988F866D2E3804A4731D4", "E48CE5EEC98ADDB1085CC33C", "A90A7BAA0E12668CBA3CA74C", "3FF3B454E29910D549CECEF4", "9F527D5AD4B9BD8EA48A9642", "2A1EAE0FA18500F6363B099F", "FDA5D5B7EC12B2110E4A1238", "CA5B679A4A6E1383929424BB", "C5CF22714602F409F25F2A3E", "C4706981BC8E09BE1DC8143D", "B77D8C681A5ED979E758F195", "344BDD8F2E07673E73DED9E9", "DBDB2DECEA6E9B058FF74E4D", "6C4CC95D5A92C56005E333EE", "6BE6FCC88177E148336F7EE3", "FD052360D174BA8746BDC9A7", "B96B1161EB799ED17EAEDB19", "A1234D292C75F8C64F999A6F", "3DEB013523A5C61B116AE193", "8D9DFAF44264067DC786B1C6", "A1E099722C1A8C3BA1BECF14", "92486AA109EAB732B508261C", "8B68F52F8BCFF259E696BD86", "52BA30DF9079E8E1F1DC6672", ); "sourceTree" = "<group>"; };
7792ADE75C6646BC76849BFE = { "isa" = "PBXFileReference"; "lastKnownFileType" = "sourcecode.swift"; "path" = "Sources/PlaydockCore/BackendCoordinator.swift"; "sourceTree" = "SOURCE_ROOT"; };
BB9416C5D800F9DB07841251 = { "isa" = "PBXFileReference"; "lastKnownFileType" = "sourcecode.swift"; "path" = "Sources/PlaydockCore/BackgroundServices.swift"; "sourceTree" = "SOURCE_ROOT"; };
109D69265D61255B596F58E3 = { "isa" = "PBXFileReference"; "lastKnownFileType" = "sourcecode.swift"; "path" = "Sources/PlaydockCore/DiagnosticReport.swift"; "sourceTree" = "SOURCE_ROOT"; };
E4999E8C72457E369DCE7D15 = { "isa" = "PBXFileReference"; "lastKnownFileType" = "sourcecode.swift"; "path" = "Sources/PlaydockCore/DownloadScheduler.swift"; "sourceTree" = "SOURCE_ROOT"; };
74C447ECE194E1E06C2116F2 = { "isa" = "PBXFileReference"; "lastKnownFileType" = "sourcecode.swift"; "path" = "Sources/PlaydockCore/GameLibrary.swift"; "sourceTree" = "SOURCE_ROOT"; };
09F8047B9CEC45ACE991DEDB = { "isa" = "PBXFileReference"; "lastKnownFileType" = "sourcecode.swift"; "path" = "Sources/PlaydockCore/GamePerformance.swift"; "sourceTree" = "SOURCE_ROOT"; };
7D1644DD5DA6B38441D69BB9 = { "isa" = "PBXFileReference"; "lastKnownFileType" = "sourcecode.swift"; "path" = "Sources/PlaydockCore/GamePrefix.swift"; "sourceTree" = "SOURCE_ROOT"; };
FC7BF6FD51B21A041331A385 = { "isa" = "PBXFileReference"; "lastKnownFileType" = "sourcecode.swift"; "path" = "Sources/PlaydockCore/InstallCoordinator.swift"; "sourceTree" = "SOURCE_ROOT"; };
24EAB3804E1D78FB4977F0CC = { "isa" = "PBXFileReference"; "lastKnownFileType" = "sourcecode.swift"; "path" = "Sources/PlaydockCore/LaunchCommand.swift"; "sourceTree" = "SOURCE_ROOT"; };
C6DB5A5BDC3455749DD73C9B = { "isa" = "PBXFileReference"; "lastKnownFileType" = "sourcecode.swift"; "path" = "Sources/PlaydockCore/LibraryPreferences.swift"; "sourceTree" = "SOURCE_ROOT"; };
6CC604443D583983A463E843 = { "isa" = "PBXFileReference"; "lastKnownFileType" = "sourcecode.swift"; "path" = "Sources/PlaydockCore/MaintenanceCoordinator.swift"; "sourceTree" = "SOURCE_ROOT"; };
8D39AC665E39DBA722A60AF8 = { "isa" = "PBXFileReference"; "lastKnownFileType" = "sourcecode.swift"; "path" = "Sources/PlaydockCore/Models.swift"; "sourceTree" = "SOURCE_ROOT"; };
9DC27B64D25C2194ABEE4B23 = { "isa" = "PBXFileReference"; "lastKnownFileType" = "sourcecode.swift"; "path" = "Sources/PlaydockCore/NativeDisplayServer.swift"; "sourceTree" = "SOURCE_ROOT"; };
782E8E79C26618A780188FA2 = { "isa" = "PBXFileReference"; "lastKnownFileType" = "sourcecode.swift"; "path" = "Sources/PlaydockCore/NativeDisplayService.swift"; "sourceTree" = "SOURCE_ROOT"; };
73ED85A8A1A06B9306D8E725 = { "isa" = "PBXFileReference"; "lastKnownFileType" = "sourcecode.swift"; "path" = "Sources/PlaydockCore/NativeRuntime.swift"; "sourceTree" = "SOURCE_ROOT"; };
E3FE9EEF60544DA4D70FBA51 = { "isa" = "PBXFileReference"; "lastKnownFileType" = "sourcecode.swift"; "path" = "Sources/PlaydockCore/NativeWindowDescriptor.swift"; "sourceTree" = "SOURCE_ROOT"; };
26FDC648B2475D214AE756DB = { "isa" = "PBXFileReference"; "lastKnownFileType" = "sourcecode.swift"; "path" = "Sources/PlaydockCore/PerformanceReports.swift"; "sourceTree" = "SOURCE_ROOT"; };
65D2B2BEA7839DF88AEC0E64 = { "isa" = "PBXFileReference"; "lastKnownFileType" = "sourcecode.swift"; "path" = "Sources/PlaydockCore/PlayFeatures.swift"; "sourceTree" = "SOURCE_ROOT"; };
E86B2700608BCF5B8203B192 = { "isa" = "PBXFileReference"; "lastKnownFileType" = "sourcecode.swift"; "path" = "Sources/PlaydockCore/ProcessRunner.swift"; "sourceTree" = "SOURCE_ROOT"; };
3677F92A3CB75E9E7D844FBC = { "isa" = "PBXFileReference"; "lastKnownFileType" = "sourcecode.swift"; "path" = "Sources/PlaydockCore/ProcessService.swift"; "sourceTree" = "SOURCE_ROOT"; };
239267F285D7FE72C779D3B9 = { "isa" = "PBXFileReference"; "lastKnownFileType" = "sourcecode.swift"; "path" = "Sources/PlaydockCore/RuntimeDiscovery.swift"; "sourceTree" = "SOURCE_ROOT"; };
AF418EB84B42C4F5B84ED2AD = { "isa" = "PBXFileReference"; "lastKnownFileType" = "sourcecode.swift"; "path" = "Sources/PlaydockCore/RuntimeProcessIdentity.swift"; "sourceTree" = "SOURCE_ROOT"; };
188B0B6D56E958D5A23609CD = { "isa" = "PBXFileReference"; "lastKnownFileType" = "sourcecode.swift"; "path" = "Sources/PlaydockCore/RuntimeProcessService.swift"; "sourceTree" = "SOURCE_ROOT"; };
85E4FB5C25AC14F20725F72A = { "isa" = "PBXFileReference"; "lastKnownFileType" = "sourcecode.swift"; "path" = "Sources/PlaydockCore/SaveBackupStore.swift"; "sourceTree" = "SOURCE_ROOT"; };
0E19248246B6CD9B4D252D6F = { "isa" = "PBXFileReference"; "lastKnownFileType" = "sourcecode.swift"; "path" = "Sources/PlaydockCore/SessionMonitor.swift"; "sourceTree" = "SOURCE_ROOT"; };
BB520342490F825D62F08A5B = { "isa" = "PBXFileReference"; "lastKnownFileType" = "sourcecode.swift"; "path" = "Sources/PlaydockCore/SocialCoordinator.swift"; "sourceTree" = "SOURCE_ROOT"; };
7F4763841179F79033614397 = { "isa" = "PBXFileReference"; "lastKnownFileType" = "sourcecode.swift"; "path" = "Sources/PlaydockCore/SteamAppInfo.swift"; "sourceTree" = "SOURCE_ROOT"; };
B61E68CB7FCE9DCFCDC70D40 = { "isa" = "PBXFileReference"; "lastKnownFileType" = "sourcecode.swift"; "path" = "Sources/PlaydockCore/SteamCatalog.swift"; "sourceTree" = "SOURCE_ROOT"; };
9F0A33E4A151EB9044516B72 = { "isa" = "PBXFileReference"; "lastKnownFileType" = "sourcecode.swift"; "path" = "Sources/PlaydockCore/SteamCatalogCache.swift"; "sourceTree" = "SOURCE_ROOT"; };
BE0AD4AF46E7FC1765353321 = { "isa" = "PBXFileReference"; "lastKnownFileType" = "sourcecode.swift"; "path" = "Sources/PlaydockCore/SteamControl.swift"; "sourceTree" = "SOURCE_ROOT"; };
0EC83E155F10E47B889DBD08 = { "isa" = "PBXFileReference"; "lastKnownFileType" = "sourcecode.swift"; "path" = "Sources/PlaydockCore/SteamDownloadProgress.swift"; "sourceTree" = "SOURCE_ROOT"; };
BF8CADA23A2CC6F59635EE87 = { "isa" = "PBXFileReference"; "lastKnownFileType" = "sourcecode.swift"; "path" = "Sources/PlaydockCore/SteamFeatures.swift"; "sourceTree" = "SOURCE_ROOT"; };
7358AED1885CD0C3C81FDBB4 = { "isa" = "PBXFileReference"; "lastKnownFileType" = "sourcecode.swift"; "path" = "Sources/PlaydockCore/SteamInstallDialogState.swift"; "sourceTree" = "SOURCE_ROOT"; };
F8B3FA69F88AD638DD55A648 = { "isa" = "PBXFileReference"; "lastKnownFileType" = "sourcecode.swift"; "path" = "Sources/PlaydockCore/SteamIntegrationSetupService.swift"; "sourceTree" = "SOURCE_ROOT"; };
7196F6007C89C1A81EE806CF = { "isa" = "PBXFileReference"; "lastKnownFileType" = "sourcecode.swift"; "path" = "Sources/PlaydockCore/SteamIntegrationTypes.swift"; "sourceTree" = "SOURCE_ROOT"; };
2727ABEEDF3064DCB4EE2DCE = { "isa" = "PBXFileReference"; "lastKnownFileType" = "sourcecode.swift"; "path" = "Sources/PlaydockCore/SteamLibrary.swift"; "sourceTree" = "SOURCE_ROOT"; };
6312E1E9AF0E5EE6E92E169A = { "isa" = "PBXFileReference"; "lastKnownFileType" = "sourcecode.swift"; "path" = "Sources/PlaydockCore/SteamMaintenanceScripts.swift"; "sourceTree" = "SOURCE_ROOT"; };
F8C5B84507CF385DF6EE675C = { "isa" = "PBXFileReference"; "lastKnownFileType" = "sourcecode.swift"; "path" = "Sources/PlaydockCore/SteamTransfer.swift"; "sourceTree" = "SOURCE_ROOT"; };
A5416E48067E35D0FF5DB3D7 = { "isa" = "PBXFileReference"; "lastKnownFileType" = "sourcecode.swift"; "path" = "Sources/PlaydockCore/SteamWorkflowControl.swift"; "sourceTree" = "SOURCE_ROOT"; };
258597337ECD5B9AC1896223 = { "isa" = "PBXFileReference"; "lastKnownFileType" = "sourcecode.swift"; "path" = "Sources/PlaydockCore/SteamWorkshop.swift"; "sourceTree" = "SOURCE_ROOT"; };
ACEBCDB2715290199192C252 = { "isa" = "PBXFileReference"; "lastKnownFileType" = "sourcecode.swift"; "path" = "Sources/PlaydockCore/StorageService.swift"; "sourceTree" = "SOURCE_ROOT"; };
5C34A347E94D2A8CBB8A5AC4 = { "isa" = "PBXFileReference"; "lastKnownFileType" = "sourcecode.swift"; "path" = "Sources/PlaydockCore/WindowsAppRecovery.swift"; "sourceTree" = "SOURCE_ROOT"; };
47167D79DCE464033E9FE28F = { "isa" = "PBXGroup"; "name" = "PlaydockCore"; "children" = ( "7792ADE75C6646BC76849BFE", "BB9416C5D800F9DB07841251", "109D69265D61255B596F58E3", "E4999E8C72457E369DCE7D15", "74C447ECE194E1E06C2116F2", "09F8047B9CEC45ACE991DEDB", "7D1644DD5DA6B38441D69BB9", "FC7BF6FD51B21A041331A385", "24EAB3804E1D78FB4977F0CC", "C6DB5A5BDC3455749DD73C9B", "6CC604443D583983A463E843", "8D39AC665E39DBA722A60AF8", "9DC27B64D25C2194ABEE4B23", "782E8E79C26618A780188FA2", "73ED85A8A1A06B9306D8E725", "E3FE9EEF60544DA4D70FBA51", "26FDC648B2475D214AE756DB", "65D2B2BEA7839DF88AEC0E64", "E86B2700608BCF5B8203B192", "3677F92A3CB75E9E7D844FBC", "239267F285D7FE72C779D3B9", "AF418EB84B42C4F5B84ED2AD", "188B0B6D56E958D5A23609CD", "85E4FB5C25AC14F20725F72A", "0E19248246B6CD9B4D252D6F", "BB520342490F825D62F08A5B", "7F4763841179F79033614397", "B61E68CB7FCE9DCFCDC70D40", "9F0A33E4A151EB9044516B72", "BE0AD4AF46E7FC1765353321", "0EC83E155F10E47B889DBD08", "BF8CADA23A2CC6F59635EE87", "7358AED1885CD0C3C81FDBB4", "F8B3FA69F88AD638DD55A648", "7196F6007C89C1A81EE806CF", "2727ABEEDF3064DCB4EE2DCE", "6312E1E9AF0E5EE6E92E169A", "F8C5B84507CF385DF6EE675C", "A5416E48067E35D0FF5DB3D7", "258597337ECD5B9AC1896223", "ACEBCDB2715290199192C252", "5C34A347E94D2A8CBB8A5AC4", ); "sourceTree" = "<group>"; };
0B6DEEC85AF8B94B188FB3B7 = { "isa" = "PBXFileReference"; "lastKnownFileType" = "sourcecode.swift"; "path" = "Sources/PlaydockPresentation/ActivityModel.swift"; "sourceTree" = "SOURCE_ROOT"; };
C9E5E9D8B178996A9BB9FF53 = { "isa" = "PBXFileReference"; "lastKnownFileType" = "sourcecode.swift"; "path" = "Sources/PlaydockPresentation/DownloadsModel.swift"; "sourceTree" = "SOURCE_ROOT"; };
68A5E3E488FD58332F7C7F4A = { "isa" = "PBXFileReference"; "lastKnownFileType" = "sourcecode.swift"; "path" = "Sources/PlaydockPresentation/FeatureObservation.swift"; "sourceTree" = "SOURCE_ROOT"; };
BD35F37A33ED1B7DC2153C64 = { "isa" = "PBXFileReference"; "lastKnownFileType" = "sourcecode.swift"; "path" = "Sources/PlaydockPresentation/GameFeaturesModel.swift"; "sourceTree" = "SOURCE_ROOT"; };
24DE447F9003A352ED2F49CD = { "isa" = "PBXFileReference"; "lastKnownFileType" = "sourcecode.swift"; "path" = "Sources/PlaydockPresentation/InitialSetupPlan.swift"; "sourceTree" = "SOURCE_ROOT"; };
6C4563FD889045880FB45503 = { "isa" = "PBXFileReference"; "lastKnownFileType" = "sourcecode.swift"; "path" = "Sources/PlaydockPresentation/InstallationModel.swift"; "sourceTree" = "SOURCE_ROOT"; };
7E58682B9A684B7642EBD2D8 = { "isa" = "PBXFileReference"; "lastKnownFileType" = "sourcecode.swift"; "path" = "Sources/PlaydockPresentation/LibraryModel.swift"; "sourceTree" = "SOURCE_ROOT"; };
BAF5D6E9B2850B0DBF43310B = { "isa" = "PBXFileReference"; "lastKnownFileType" = "sourcecode.swift"; "path" = "Sources/PlaydockPresentation/PresentationTypes.swift"; "sourceTree" = "SOURCE_ROOT"; };
B1F773F985D1A84F7B3B9597 = { "isa" = "PBXFileReference"; "lastKnownFileType" = "sourcecode.swift"; "path" = "Sources/PlaydockPresentation/RuntimeModel.swift"; "sourceTree" = "SOURCE_ROOT"; };
2AE4C6589E55490818DD4AB1 = { "isa" = "PBXFileReference"; "lastKnownFileType" = "sourcecode.swift"; "path" = "Sources/PlaydockPresentation/SettingsModel.swift"; "sourceTree" = "SOURCE_ROOT"; };
39C7B612C5A7BBDE11D212D9 = { "isa" = "PBXFileReference"; "lastKnownFileType" = "sourcecode.swift"; "path" = "Sources/PlaydockPresentation/SocialModel.swift"; "sourceTree" = "SOURCE_ROOT"; };
CDD79E0061C324129FBBE598 = { "isa" = "PBXFileReference"; "lastKnownFileType" = "sourcecode.swift"; "path" = "Sources/PlaydockPresentation/SteamConnectionModel.swift"; "sourceTree" = "SOURCE_ROOT"; };
E3C449845811C976D16A6CD1 = { "isa" = "PBXGroup"; "name" = "PlaydockPresentation"; "children" = ( "0B6DEEC85AF8B94B188FB3B7", "C9E5E9D8B178996A9BB9FF53", "68A5E3E488FD58332F7C7F4A", "BD35F37A33ED1B7DC2153C64", "24DE447F9003A352ED2F49CD", "6C4563FD889045880FB45503", "7E58682B9A684B7642EBD2D8", "BAF5D6E9B2850B0DBF43310B", "B1F773F985D1A84F7B3B9597", "2AE4C6589E55490818DD4AB1", "39C7B612C5A7BBDE11D212D9", "CDD79E0061C324129FBBE598", ); "sourceTree" = "<group>"; };
DD568ECC194D93DBC61A802A = { "isa" = "PBXFileReference"; "lastKnownFileType" = "sourcecode.swift"; "path" = "Tests/PlaydockCoreTests/BackgroundServiceTests.swift"; "sourceTree" = "SOURCE_ROOT"; };
839695F3C9BE5DB2405340A3 = { "isa" = "PBXFileReference"; "lastKnownFileType" = "sourcecode.swift"; "path" = "Tests/PlaydockCoreTests/FeatureTests.swift"; "sourceTree" = "SOURCE_ROOT"; };
8E7EF568EE8CAC63D69505FC = { "isa" = "PBXFileReference"; "lastKnownFileType" = "sourcecode.swift"; "path" = "Tests/PlaydockCoreTests/GameLibraryTests.swift"; "sourceTree" = "SOURCE_ROOT"; };
6A94888E7C21644B61C9AD0E = { "isa" = "PBXFileReference"; "lastKnownFileType" = "sourcecode.swift"; "path" = "Tests/PlaydockCoreTests/InstallationRecoveryTests.swift"; "sourceTree" = "SOURCE_ROOT"; };
C2F5C9FBC20AD16E3E65928B = { "isa" = "PBXFileReference"; "lastKnownFileType" = "sourcecode.swift"; "path" = "Tests/PlaydockCoreTests/NativeDisplayTests.swift"; "sourceTree" = "SOURCE_ROOT"; };
D836C2BE7B115EDD84ED6320 = { "isa" = "PBXFileReference"; "lastKnownFileType" = "sourcecode.swift"; "path" = "Tests/PlaydockCoreTests/PerformanceTests.swift"; "sourceTree" = "SOURCE_ROOT"; };
B0B07226E79FEDE5D22EF1DD = { "isa" = "PBXFileReference"; "lastKnownFileType" = "sourcecode.swift"; "path" = "Tests/PlaydockCoreTests/PlayFeaturesTests.swift"; "sourceTree" = "SOURCE_ROOT"; };
A807564294C3C7C75A84FCCC = { "isa" = "PBXFileReference"; "lastKnownFileType" = "sourcecode.swift"; "path" = "Tests/PlaydockCoreTests/PrefixTests.swift"; "sourceTree" = "SOURCE_ROOT"; };
C66DB0F48BAC3477B57F633F = { "isa" = "PBXFileReference"; "lastKnownFileType" = "sourcecode.swift"; "path" = "Tests/PlaydockCoreTests/RuntimeTests.swift"; "sourceTree" = "SOURCE_ROOT"; };
DDCEDF721DFDEC90810E92ED = { "isa" = "PBXFileReference"; "lastKnownFileType" = "sourcecode.swift"; "path" = "Tests/PlaydockCoreTests/SessionTests.swift"; "sourceTree" = "SOURCE_ROOT"; };
21F88FB9E4B40F914665ACB1 = { "isa" = "PBXFileReference"; "lastKnownFileType" = "sourcecode.swift"; "path" = "Tests/PlaydockCoreTests/SteamBridgeTests.swift"; "sourceTree" = "SOURCE_ROOT"; };
275A314236B9C2DACFA2B5CE = { "isa" = "PBXFileReference"; "lastKnownFileType" = "sourcecode.swift"; "path" = "Tests/PlaydockCoreTests/SteamCatalogCacheTests.swift"; "sourceTree" = "SOURCE_ROOT"; };
BA8A9568A279DB61689FBC4F = { "isa" = "PBXFileReference"; "lastKnownFileType" = "sourcecode.swift"; "path" = "Tests/PlaydockCoreTests/SteamCatalogTests.swift"; "sourceTree" = "SOURCE_ROOT"; };
565EB2EDFB881DC126B58688 = { "isa" = "PBXFileReference"; "lastKnownFileType" = "sourcecode.swift"; "path" = "Tests/PlaydockCoreTests/SteamClientTests.swift"; "sourceTree" = "SOURCE_ROOT"; };
5DD93F7734ADB93587A87B07 = { "isa" = "PBXFileReference"; "lastKnownFileType" = "sourcecode.swift"; "path" = "Tests/PlaydockCoreTests/SteamControlTests.swift"; "sourceTree" = "SOURCE_ROOT"; };
DFD69C45DDC6446A333BAECE = { "isa" = "PBXFileReference"; "lastKnownFileType" = "sourcecode.swift"; "path" = "Tests/PlaydockCoreTests/SteamFriendsTests.swift"; "sourceTree" = "SOURCE_ROOT"; };
96B130C413D911542BB94D42 = { "isa" = "PBXFileReference"; "lastKnownFileType" = "sourcecode.swift"; "path" = "Tests/PlaydockCoreTests/WindowsAppRecoveryTests.swift"; "sourceTree" = "SOURCE_ROOT"; };
6EFCCD2FFCADFD2D43705A7F = { "isa" = "PBXFileReference"; "lastKnownFileType" = "sourcecode.swift"; "path" = "Tests/PlaydockCoreTests/WorkflowCoordinatorTests.swift"; "sourceTree" = "SOURCE_ROOT"; };
2028CECE2FE85DAB093705EF = { "isa" = "PBXFileReference"; "lastKnownFileType" = "sourcecode.swift"; "path" = "Tests/PlaydockCoreTests/WorkshopTests.swift"; "sourceTree" = "SOURCE_ROOT"; };
1BCDE06E36DA8321F6A78BB7 = { "isa" = "PBXGroup"; "name" = "PlaydockCoreTests"; "children" = ( "DD568ECC194D93DBC61A802A", "839695F3C9BE5DB2405340A3", "8E7EF568EE8CAC63D69505FC", "6A94888E7C21644B61C9AD0E", "C2F5C9FBC20AD16E3E65928B", "D836C2BE7B115EDD84ED6320", "B0B07226E79FEDE5D22EF1DD", "A807564294C3C7C75A84FCCC", "C66DB0F48BAC3477B57F633F", "DDCEDF721DFDEC90810E92ED", "21F88FB9E4B40F914665ACB1", "275A314236B9C2DACFA2B5CE", "BA8A9568A279DB61689FBC4F", "565EB2EDFB881DC126B58688", "5DD93F7734ADB93587A87B07", "DFD69C45DDC6446A333BAECE", "96B130C413D911542BB94D42", "6EFCCD2FFCADFD2D43705A7F", "2028CECE2FE85DAB093705EF", ); "sourceTree" = "<group>"; };
B9DB3B33B5A36699C0881495 = { "isa" = "PBXFileReference"; "lastKnownFileType" = "sourcecode.c.objc"; "path" = "Sources/PlaydockNative/GameDock.m"; "sourceTree" = "SOURCE_ROOT"; };
F312612C6A33F032354B1AE7 = { "isa" = "PBXFileReference"; "lastKnownFileType" = "sourcecode.c.objc"; "path" = "Sources/PlaydockNative/SteamBackend.m"; "sourceTree" = "SOURCE_ROOT"; };
22713A4275019E7A11F0ED05 = { "isa" = "PBXFileReference"; "lastKnownFileType" = "sourcecode.c.objc"; "path" = "Sources/PlaydockNative/WineDisplay.m"; "sourceTree" = "SOURCE_ROOT"; };
721CD5249E0C525778BC59CB = { "isa" = "PBXGroup"; "name" = "PlaydockNative"; "children" = ( "B9DB3B33B5A36699C0881495", "F312612C6A33F032354B1AE7", "22713A4275019E7A11F0ED05", ); "sourceTree" = "<group>"; };
68FEA9AF32CDBA8D2B0FB5B9 = { "isa" = "PBXFileReference"; "lastKnownFileType" = "sourcecode.swift"; "path" = "Sources/PlaydockSteamIntegration/Installer.swift"; "sourceTree" = "SOURCE_ROOT"; };
2D77A6C4205FEB7B42FE7C55 = { "isa" = "PBXFileReference"; "lastKnownFileType" = "sourcecode.swift"; "path" = "Sources/PlaydockSteamIntegration/LaunchSupport.swift"; "sourceTree" = "SOURCE_ROOT"; };
A3DCB6D5CCBA06765D679ED4 = { "isa" = "PBXFileReference"; "lastKnownFileType" = "sourcecode.swift"; "path" = "Sources/PlaydockSteamIntegration/Protocol.swift"; "sourceTree" = "SOURCE_ROOT"; };
1005EF185987B3E117742DB3 = { "isa" = "PBXFileReference"; "lastKnownFileType" = "sourcecode.swift"; "path" = "Sources/PlaydockSteamIntegration/Upstream/AtomicReplace.swift"; "sourceTree" = "SOURCE_ROOT"; };
95C76E27911738F92C228DB3 = { "isa" = "PBXFileReference"; "lastKnownFileType" = "sourcecode.swift"; "path" = "Sources/PlaydockSteamIntegration/Upstream/BridgePayload.swift"; "sourceTree" = "SOURCE_ROOT"; };
185B2D6D693ED1D609848169 = { "isa" = "PBXFileReference"; "lastKnownFileType" = "sourcecode.swift"; "path" = "Sources/PlaydockSteamIntegration/Upstream/Clean.swift"; "sourceTree" = "SOURCE_ROOT"; };
5BFBC2DB85CF04F7B7561A14 = { "isa" = "PBXFileReference"; "lastKnownFileType" = "sourcecode.swift"; "path" = "Sources/PlaydockSteamIntegration/Upstream/CrossOverLicense.swift"; "sourceTree" = "SOURCE_ROOT"; };
BFC94C3891BC6B484968E8AB = { "isa" = "PBXFileReference"; "lastKnownFileType" = "sourcecode.swift"; "path" = "Sources/PlaydockSteamIntegration/Upstream/CrossOverSource.swift"; "sourceTree" = "SOURCE_ROOT"; };
9DADE065BBFF02E26F61F0F9 = { "isa" = "PBXFileReference"; "lastKnownFileType" = "sourcecode.swift"; "path" = "Sources/PlaydockSteamIntegration/Upstream/Digest.swift"; "sourceTree" = "SOURCE_ROOT"; };
3765215F1CC486606F5EEA5D = { "isa" = "PBXFileReference"; "lastKnownFileType" = "sourcecode.swift"; "path" = "Sources/PlaydockSteamIntegration/Upstream/InstallPayload.swift"; "sourceTree" = "SOURCE_ROOT"; };
14114587738CB597BEE93FBD = { "isa" = "PBXFileReference"; "lastKnownFileType" = "sourcecode.swift"; "path" = "Sources/PlaydockSteamIntegration/Upstream/MachOBuild.swift"; "sourceTree" = "SOURCE_ROOT"; };
5FC3D775AD11B77D05AB3942 = { "isa" = "PBXFileReference"; "lastKnownFileType" = "sourcecode.swift"; "path" = "Sources/PlaydockSteamIntegration/Upstream/NtdllPatcher.swift"; "sourceTree" = "SOURCE_ROOT"; };
880AA07BBA8F257A328975A6 = { "isa" = "PBXFileReference"; "lastKnownFileType" = "sourcecode.swift"; "path" = "Sources/PlaydockSteamIntegration/Upstream/PinnedDownload.swift"; "sourceTree" = "SOURCE_ROOT"; };
01A3CFC92D8B382288EC6836 = { "isa" = "PBXFileReference"; "lastKnownFileType" = "sourcecode.swift"; "path" = "Sources/PlaydockSteamIntegration/Upstream/RunnerInstaller.swift"; "sourceTree" = "SOURCE_ROOT"; };
F63BC3D24F1375499AA3D999 = { "isa" = "PBXFileReference"; "lastKnownFileType" = "sourcecode.swift"; "path" = "Sources/PlaydockSteamIntegration/Upstream/RunnerPatcher.swift"; "sourceTree" = "SOURCE_ROOT"; };
C8A7B6220923058CF0322755 = { "isa" = "PBXFileReference"; "lastKnownFileType" = "sourcecode.swift"; "path" = "Sources/PlaydockSteamIntegration/Upstream/RunnerSetup.swift"; "sourceTree" = "SOURCE_ROOT"; };
C37E01A2CB515F97CEA0FEB9 = { "isa" = "PBXFileReference"; "lastKnownFileType" = "sourcecode.swift"; "path" = "Sources/PlaydockSteamIntegration/Upstream/RunnerStore.swift"; "sourceTree" = "SOURCE_ROOT"; };
44376E4BD2054055094E3361 = { "isa" = "PBXFileReference"; "lastKnownFileType" = "sourcecode.swift"; "path" = "Sources/PlaydockSteamIntegration/Upstream/Shell.swift"; "sourceTree" = "SOURCE_ROOT"; };
4F0B107D32AE719062C786B2 = { "isa" = "PBXFileReference"; "lastKnownFileType" = "sourcecode.swift"; "path" = "Sources/PlaydockSteamIntegration/Upstream/SteamBundle.swift"; "sourceTree" = "SOURCE_ROOT"; };
EE41133B1C8D9F58F4CFBF89 = { "isa" = "PBXFileReference"; "lastKnownFileType" = "sourcecode.swift"; "path" = "Sources/PlaydockSteamIntegration/Upstream/SteamInstaller.swift"; "sourceTree" = "SOURCE_ROOT"; };
12A8D79D4BAD7B346D2DFA35 = { "isa" = "PBXFileReference"; "lastKnownFileType" = "sourcecode.swift"; "path" = "Sources/PlaydockSteamIntegration/Upstream/SteamRepair.swift"; "sourceTree" = "SOURCE_ROOT"; };
E67D9B8CCA302C83532A2EC9 = { "isa" = "PBXFileReference"; "lastKnownFileType" = "sourcecode.swift"; "path" = "Sources/PlaydockSteamIntegration/Upstream/StepFailure.swift"; "sourceTree" = "SOURCE_ROOT"; };
67263CC04BC695D075283375 = { "isa" = "PBXFileReference"; "lastKnownFileType" = "sourcecode.swift"; "path" = "Sources/PlaydockSteamIntegration/Upstream/SupportPaths.swift"; "sourceTree" = "SOURCE_ROOT"; };
F9BD2B69744A417F3AEE0CB6 = { "isa" = "PBXFileReference"; "lastKnownFileType" = "sourcecode.swift"; "path" = "Sources/PlaydockSteamIntegration/Upstream/SupportedRunner.swift"; "sourceTree" = "SOURCE_ROOT"; };
CE67C3E01A2D9664A870195F = { "isa" = "PBXFileReference"; "lastKnownFileType" = "sourcecode.swift"; "path" = "Sources/PlaydockSteamIntegration/Upstream/ValveFetcher.swift"; "sourceTree" = "SOURCE_ROOT"; };
3BE62D4D1D9E83251AEE8B63 = { "isa" = "PBXFileReference"; "lastKnownFileType" = "sourcecode.swift"; "path" = "Sources/PlaydockSteamIntegration/Upstream/ValvePackageManifest.swift"; "sourceTree" = "SOURCE_ROOT"; };
DAF10DF60A70025F3E0E1D0A = { "isa" = "PBXFileReference"; "lastKnownFileType" = "sourcecode.swift"; "path" = "Sources/PlaydockSteamIntegration/Upstream/WriteRefused.swift"; "sourceTree" = "SOURCE_ROOT"; };
56CA3D92688DFF770E5FFC81 = { "isa" = "PBXGroup"; "name" = "PlaydockSteamIntegration"; "children" = ( "68FEA9AF32CDBA8D2B0FB5B9", "2D77A6C4205FEB7B42FE7C55", "A3DCB6D5CCBA06765D679ED4", "1005EF185987B3E117742DB3", "95C76E27911738F92C228DB3", "185B2D6D693ED1D609848169", "5BFBC2DB85CF04F7B7561A14", "BFC94C3891BC6B484968E8AB", "9DADE065BBFF02E26F61F0F9", "3765215F1CC486606F5EEA5D", "14114587738CB597BEE93FBD", "5FC3D775AD11B77D05AB3942", "880AA07BBA8F257A328975A6", "01A3CFC92D8B382288EC6836", "F63BC3D24F1375499AA3D999", "C8A7B6220923058CF0322755", "C37E01A2CB515F97CEA0FEB9", "44376E4BD2054055094E3361", "4F0B107D32AE719062C786B2", "EE41133B1C8D9F58F4CFBF89", "12A8D79D4BAD7B346D2DFA35", "E67D9B8CCA302C83532A2EC9", "67263CC04BC695D075283375", "F9BD2B69744A417F3AEE0CB6", "CE67C3E01A2D9664A870195F", "3BE62D4D1D9E83251AEE8B63", "DAF10DF60A70025F3E0E1D0A", ); "sourceTree" = "<group>"; };
9AC3B5AD93CBC0305C62F78F = { "isa" = "PBXFileReference"; "lastKnownFileType" = "text.plist.xml"; "path" = "Info.plist"; "sourceTree" = "SOURCE_ROOT"; };
B335630551682C19A781AFEB = { "isa" = "PBXFileReference"; "lastKnownFileType" = "net.daringfireball.markdown"; "path" = "README.md"; "sourceTree" = "SOURCE_ROOT"; };
ECA12C0A30E25B4B46522EBF = { "isa" = "PBXFileReference"; "lastKnownFileType" = "net.daringfireball.markdown"; "path" = "CONTRIBUTING.md"; "sourceTree" = "SOURCE_ROOT"; };
C693279643B8CD5D248172D9 = { "isa" = "PBXFileReference"; "lastKnownFileType" = "text"; "path" = "LICENSE"; "sourceTree" = "SOURCE_ROOT"; };
DFB14FBB9E7D095209EC4CFD = { "isa" = "PBXFileReference"; "lastKnownFileType" = "text"; "path" = "NOTICE"; "sourceTree" = "SOURCE_ROOT"; };
F5AE27228AC34400DE4A3768 = { "isa" = "PBXFileReference"; "explicitFileType" = "archive.ar"; "path" = "libPlaydockCore.a"; "sourceTree" = "BUILT_PRODUCTS_DIR"; };
8B084D2469834109421D3985 = { "isa" = "PBXFileReference"; "explicitFileType" = "archive.ar"; "path" = "libPlaydockPresentation.a"; "sourceTree" = "BUILT_PRODUCTS_DIR"; };
681C948D238C526E9E3424E0 = { "isa" = "PBXFileReference"; "explicitFileType" = "wrapper.application"; "path" = "Playdock.app"; "sourceTree" = "BUILT_PRODUCTS_DIR"; };
F739566ED5280322FF98A798 = { "isa" = "PBXFileReference"; "explicitFileType" = "wrapper.cfbundle"; "path" = "PlaydockCoreTests.xctest"; "sourceTree" = "BUILT_PRODUCTS_DIR"; };
FF410B6C99A4EDE1DF5D68E3 = { "isa" = "PBXFileReference"; "explicitFileType" = "compiled.mach-o.dylib"; "path" = "libPlaydockWineDisplay.dylib"; "sourceTree" = "BUILT_PRODUCTS_DIR"; };
AFA525ABE6D188062708AE98 = { "isa" = "PBXFileReference"; "explicitFileType" = "compiled.mach-o.executable"; "path" = "PlaydockSteamIntegration"; "sourceTree" = "BUILT_PRODUCTS_DIR"; };
0A3E27B8CA818264D75C8D81 = { "isa" = "PBXGroup"; "name" = "Products"; "children" = ( "681C948D238C526E9E3424E0", "F5AE27228AC34400DE4A3768", "8B084D2469834109421D3985", "F739566ED5280322FF98A798", "FF410B6C99A4EDE1DF5D68E3", "AFA525ABE6D188062708AE98", ); "sourceTree" = "<group>"; };
8BF729FFE074CAEE622C0292 = { "isa" = "PBXFileReference"; "lastKnownFileType" = "folder.assetcatalog"; "path" = "Assets.xcassets"; "sourceTree" = "SOURCE_ROOT"; };
19F479106CE8C3BA8C106518 = { "isa" = "PBXGroup"; "children" = ( "EC4F8462403E4853758E3488", "47167D79DCE464033E9FE28F", "E3C449845811C976D16A6CD1", "1BCDE06E36DA8321F6A78BB7", "721CD5249E0C525778BC59CB", "56CA3D92688DFF770E5FFC81", "8BF729FFE074CAEE622C0292", "9AC3B5AD93CBC0305C62F78F", "B335630551682C19A781AFEB", "ECA12C0A30E25B4B46522EBF", "C693279643B8CD5D248172D9", "DFB14FBB9E7D095209EC4CFD", "0A3E27B8CA818264D75C8D81", ); "sourceTree" = "<group>"; };
09AA38CEF3EA53936A20C858 = { "isa" = "XCBuildConfiguration"; "name" = "Debug"; "buildSettings" = { "ARCHS" = "arm64"; "MACOSX_DEPLOYMENT_TARGET" = "13.0"; "SWIFT_VERSION" = "6.0"; "SWIFT_STRICT_CONCURRENCY" = "complete"; "CLANG_ENABLE_MODULES" = "YES"; "SDKROOT" = "macosx"; "CODE_SIGN_STYLE" = "Automatic"; "CODE_SIGN_IDENTITY" = "-"; "DEVELOPMENT_TEAM" = ""; "ENABLE_USER_SCRIPT_SANDBOXING" = "YES"; "SWIFT_INCLUDE_PATHS" = "$(inherited) $(BUILT_PRODUCTS_DIR)"; "MARKETING_VERSION" = "0.1.0"; "CURRENT_PROJECT_VERSION" = "1"; "SWIFT_OPTIMIZATION_LEVEL" = "-Onone"; "SWIFT_ACTIVE_COMPILATION_CONDITIONS" = "DEBUG $(inherited)"; "ENABLE_TESTABILITY" = "YES"; }; };
2C51B24F1BD0E37CCD3A85CD = { "isa" = "XCBuildConfiguration"; "name" = "Release"; "buildSettings" = { "ARCHS" = "arm64"; "MACOSX_DEPLOYMENT_TARGET" = "13.0"; "SWIFT_VERSION" = "6.0"; "SWIFT_STRICT_CONCURRENCY" = "complete"; "CLANG_ENABLE_MODULES" = "YES"; "SDKROOT" = "macosx"; "CODE_SIGN_STYLE" = "Automatic"; "CODE_SIGN_IDENTITY" = "-"; "DEVELOPMENT_TEAM" = ""; "ENABLE_USER_SCRIPT_SANDBOXING" = "YES"; "SWIFT_INCLUDE_PATHS" = "$(inherited) $(BUILT_PRODUCTS_DIR)"; "MARKETING_VERSION" = "0.1.0"; "CURRENT_PROJECT_VERSION" = "1"; "SWIFT_OPTIMIZATION_LEVEL" = "-O"; }; };
1E4B6209DBC7689E3E7CF89C = { "isa" = "XCConfigurationList"; "buildConfigurations" = ( "09AA38CEF3EA53936A20C858", "2C51B24F1BD0E37CCD3A85CD", ); "defaultConfigurationIsVisible" = "0"; "defaultConfigurationName" = "Release"; };
354CFA7AEF1846E723B11AB5 = { "isa" = "PBXBuildFile"; "fileRef" = "7792ADE75C6646BC76849BFE"; };
3DF33E34DC15D5030EA0D257 = { "isa" = "PBXBuildFile"; "fileRef" = "BB9416C5D800F9DB07841251"; };
50182E023DA0A6E781E453F3 = { "isa" = "PBXBuildFile"; "fileRef" = "109D69265D61255B596F58E3"; };
F3C5D3C7BD95162DB70E8C9B = { "isa" = "PBXBuildFile"; "fileRef" = "E4999E8C72457E369DCE7D15"; };
78EB0D569D6242F13827AC81 = { "isa" = "PBXBuildFile"; "fileRef" = "74C447ECE194E1E06C2116F2"; };
560A7D9616497504F28A084E = { "isa" = "PBXBuildFile"; "fileRef" = "09F8047B9CEC45ACE991DEDB"; };
8655DD0DB3D4A780974127FB = { "isa" = "PBXBuildFile"; "fileRef" = "7D1644DD5DA6B38441D69BB9"; };
107B91B3A92ECFB50A632DCA = { "isa" = "PBXBuildFile"; "fileRef" = "FC7BF6FD51B21A041331A385"; };
A4A85F61FAFEBB41B2793553 = { "isa" = "PBXBuildFile"; "fileRef" = "24EAB3804E1D78FB4977F0CC"; };
9890F069C85D5D06C50FEFB6 = { "isa" = "PBXBuildFile"; "fileRef" = "C6DB5A5BDC3455749DD73C9B"; };
E56DA9898D084A3DBE84D817 = { "isa" = "PBXBuildFile"; "fileRef" = "6CC604443D583983A463E843"; };
02894767E899F94DBB8034A5 = { "isa" = "PBXBuildFile"; "fileRef" = "8D39AC665E39DBA722A60AF8"; };
731191B01D6D1A6FEBDE6CC6 = { "isa" = "PBXBuildFile"; "fileRef" = "9DC27B64D25C2194ABEE4B23"; };
2DB09DC87DDBB770FEC0BD7D = { "isa" = "PBXBuildFile"; "fileRef" = "782E8E79C26618A780188FA2"; };
9EA8C7C87A00B785EBBC0284 = { "isa" = "PBXBuildFile"; "fileRef" = "73ED85A8A1A06B9306D8E725"; };
EE84C545B2C4B4E3A0363FF5 = { "isa" = "PBXBuildFile"; "fileRef" = "E3FE9EEF60544DA4D70FBA51"; };
36C14131705B2FECB9AEEBB7 = { "isa" = "PBXBuildFile"; "fileRef" = "26FDC648B2475D214AE756DB"; };
AFAF086F2B6DF85D9AA0334C = { "isa" = "PBXBuildFile"; "fileRef" = "65D2B2BEA7839DF88AEC0E64"; };
0CB4753DBF408ED85C0E4595 = { "isa" = "PBXBuildFile"; "fileRef" = "E86B2700608BCF5B8203B192"; };
0FA9F595B5F6C69E6FBA9D16 = { "isa" = "PBXBuildFile"; "fileRef" = "3677F92A3CB75E9E7D844FBC"; };
6D7803F5F977775487CE3D21 = { "isa" = "PBXBuildFile"; "fileRef" = "239267F285D7FE72C779D3B9"; };
8B19E4B53F2B1D4B6672B693 = { "isa" = "PBXBuildFile"; "fileRef" = "AF418EB84B42C4F5B84ED2AD"; };
549964EBBD5DBE144FBA1874 = { "isa" = "PBXBuildFile"; "fileRef" = "188B0B6D56E958D5A23609CD"; };
1F1C3E47046E6FF80760704B = { "isa" = "PBXBuildFile"; "fileRef" = "85E4FB5C25AC14F20725F72A"; };
7C14BE3C0538FE19EDB6DF4B = { "isa" = "PBXBuildFile"; "fileRef" = "0E19248246B6CD9B4D252D6F"; };
25BC6078295A90F9E8CCA3F0 = { "isa" = "PBXBuildFile"; "fileRef" = "BB520342490F825D62F08A5B"; };
E74649E4DAE9203DB5B20124 = { "isa" = "PBXBuildFile"; "fileRef" = "7F4763841179F79033614397"; };
BE8A28BCDCAC6FAB56A54A1B = { "isa" = "PBXBuildFile"; "fileRef" = "B61E68CB7FCE9DCFCDC70D40"; };
F13517D96A53B98848D9D4C7 = { "isa" = "PBXBuildFile"; "fileRef" = "9F0A33E4A151EB9044516B72"; };
43F8CB04B104508B827883DF = { "isa" = "PBXBuildFile"; "fileRef" = "BE0AD4AF46E7FC1765353321"; };
7ECE1993510E2EBC4204DC52 = { "isa" = "PBXBuildFile"; "fileRef" = "0EC83E155F10E47B889DBD08"; };
725554A166A74D28AB720D77 = { "isa" = "PBXBuildFile"; "fileRef" = "BF8CADA23A2CC6F59635EE87"; };
BBAB22B59BC6DA709B4DAB26 = { "isa" = "PBXBuildFile"; "fileRef" = "7358AED1885CD0C3C81FDBB4"; };
3BAC400249C8BAB02AC4AB06 = { "isa" = "PBXBuildFile"; "fileRef" = "F8B3FA69F88AD638DD55A648"; };
0F105F3394DAE8F5353EA941 = { "isa" = "PBXBuildFile"; "fileRef" = "7196F6007C89C1A81EE806CF"; };
0619EE76D0CF393E1125CC3E = { "isa" = "PBXBuildFile"; "fileRef" = "2727ABEEDF3064DCB4EE2DCE"; };
B6EB3E555E2E340BF60D8B94 = { "isa" = "PBXBuildFile"; "fileRef" = "6312E1E9AF0E5EE6E92E169A"; };
4A8537D1B20C3C5B0EE985B8 = { "isa" = "PBXBuildFile"; "fileRef" = "F8C5B84507CF385DF6EE675C"; };
86C155F92DAD1A4043A4ACB6 = { "isa" = "PBXBuildFile"; "fileRef" = "A5416E48067E35D0FF5DB3D7"; };
F9EF2A9C3A60D827BDA7FFC9 = { "isa" = "PBXBuildFile"; "fileRef" = "258597337ECD5B9AC1896223"; };
0C4362F10CD59A133DACC804 = { "isa" = "PBXBuildFile"; "fileRef" = "ACEBCDB2715290199192C252"; };
D4A87B8D1815DB76E290BDF9 = { "isa" = "PBXBuildFile"; "fileRef" = "5C34A347E94D2A8CBB8A5AC4"; };
163EA6263E49B8AF2BB29659 = { "isa" = "PBXSourcesBuildPhase"; "buildActionMask" = "2147483647"; "files" = ( "354CFA7AEF1846E723B11AB5", "3DF33E34DC15D5030EA0D257", "50182E023DA0A6E781E453F3", "F3C5D3C7BD95162DB70E8C9B", "78EB0D569D6242F13827AC81", "560A7D9616497504F28A084E", "8655DD0DB3D4A780974127FB", "107B91B3A92ECFB50A632DCA", "A4A85F61FAFEBB41B2793553", "9890F069C85D5D06C50FEFB6", "E56DA9898D084A3DBE84D817", "02894767E899F94DBB8034A5", "731191B01D6D1A6FEBDE6CC6", "2DB09DC87DDBB770FEC0BD7D", "9EA8C7C87A00B785EBBC0284", "EE84C545B2C4B4E3A0363FF5", "36C14131705B2FECB9AEEBB7", "AFAF086F2B6DF85D9AA0334C", "0CB4753DBF408ED85C0E4595", "0FA9F595B5F6C69E6FBA9D16", "6D7803F5F977775487CE3D21", "8B19E4B53F2B1D4B6672B693", "549964EBBD5DBE144FBA1874", "1F1C3E47046E6FF80760704B", "7C14BE3C0538FE19EDB6DF4B", "25BC6078295A90F9E8CCA3F0", "E74649E4DAE9203DB5B20124", "BE8A28BCDCAC6FAB56A54A1B", "F13517D96A53B98848D9D4C7", "43F8CB04B104508B827883DF", "7ECE1993510E2EBC4204DC52", "725554A166A74D28AB720D77", "BBAB22B59BC6DA709B4DAB26", "3BAC400249C8BAB02AC4AB06", "0F105F3394DAE8F5353EA941", "0619EE76D0CF393E1125CC3E", "B6EB3E555E2E340BF60D8B94", "4A8537D1B20C3C5B0EE985B8", "86C155F92DAD1A4043A4ACB6", "F9EF2A9C3A60D827BDA7FFC9", "0C4362F10CD59A133DACC804", "D4A87B8D1815DB76E290BDF9", ); "runOnlyForDeploymentPostprocessing" = "0"; };
4B6DB1692099C1BF11E79210 = { "isa" = "PBXFrameworksBuildPhase"; "buildActionMask" = "2147483647"; "files" = ( ); "runOnlyForDeploymentPostprocessing" = "0"; };
CA591010C111984D2183771A = { "isa" = "XCBuildConfiguration"; "name" = "Debug"; "buildSettings" = { "PRODUCT_NAME" = "$(TARGET_NAME)"; "DEFINES_MODULE" = "YES"; "SKIP_INSTALL" = "YES"; "SWIFT_OPTIMIZATION_LEVEL" = "-Onone"; "SWIFT_ACTIVE_COMPILATION_CONDITIONS" = "DEBUG $(inherited)"; "ENABLE_TESTABILITY" = "YES"; }; };
A729171D79F0FFA30789FF7A = { "isa" = "XCBuildConfiguration"; "name" = "Release"; "buildSettings" = { "PRODUCT_NAME" = "$(TARGET_NAME)"; "DEFINES_MODULE" = "YES"; "SKIP_INSTALL" = "YES"; "SWIFT_OPTIMIZATION_LEVEL" = "-O"; }; };
28404835A7A68DAF4725A353 = { "isa" = "XCConfigurationList"; "buildConfigurations" = ( "CA591010C111984D2183771A", "A729171D79F0FFA30789FF7A", ); "defaultConfigurationIsVisible" = "0"; "defaultConfigurationName" = "Release"; };
25E3460655BEFB411149C858 = { "isa" = "PBXNativeTarget"; "name" = "PlaydockCore"; "productName" = "PlaydockCore"; "productReference" = "F5AE27228AC34400DE4A3768"; "productType" = "com.apple.product-type.library.static"; "buildPhases" = ( "163EA6263E49B8AF2BB29659", "4B6DB1692099C1BF11E79210", ); "buildRules" = ( ); "dependencies" = ( ); "buildConfigurationList" = "28404835A7A68DAF4725A353"; };
F510858C9824A3028908F70D = { "isa" = "PBXContainerItemProxy"; "containerPortal" = "244210E48437B6556980A702"; "proxyType" = "1"; "remoteGlobalIDString" = "25E3460655BEFB411149C858"; "remoteInfo" = "PlaydockCore"; };
4CEAD19CA19EBCB5DADF2A14 = { "isa" = "PBXTargetDependency"; "target" = "25E3460655BEFB411149C858"; "targetProxy" = "F510858C9824A3028908F70D"; };
0BCE5CB7782CD1CC967FFC6E = { "isa" = "PBXBuildFile"; "fileRef" = "0B6DEEC85AF8B94B188FB3B7"; };
ADE8663FC3D2AD92D1EACA90 = { "isa" = "PBXBuildFile"; "fileRef" = "C9E5E9D8B178996A9BB9FF53"; };
E560B88D735D3E0F3C17B586 = { "isa" = "PBXBuildFile"; "fileRef" = "68A5E3E488FD58332F7C7F4A"; };
3C2910E218DED9223D1CEB08 = { "isa" = "PBXBuildFile"; "fileRef" = "BD35F37A33ED1B7DC2153C64"; };
CE71825F7871B66B2A05246A = { "isa" = "PBXBuildFile"; "fileRef" = "24DE447F9003A352ED2F49CD"; };
80DCC293E0AD58A68CE3F5F3 = { "isa" = "PBXBuildFile"; "fileRef" = "6C4563FD889045880FB45503"; };
63ACCF19A02FCFC2EBAB715D = { "isa" = "PBXBuildFile"; "fileRef" = "7E58682B9A684B7642EBD2D8"; };
647EC259A4ABFAEFF5F442A3 = { "isa" = "PBXBuildFile"; "fileRef" = "BAF5D6E9B2850B0DBF43310B"; };
821595B2B1EA69A1A6E92D63 = { "isa" = "PBXBuildFile"; "fileRef" = "B1F773F985D1A84F7B3B9597"; };
6678EE955532CFD41148E9FE = { "isa" = "PBXBuildFile"; "fileRef" = "2AE4C6589E55490818DD4AB1"; };
4DE52541E8C8007A066789B4 = { "isa" = "PBXBuildFile"; "fileRef" = "39C7B612C5A7BBDE11D212D9"; };
5F4104F207A1A3E4179687DF = { "isa" = "PBXBuildFile"; "fileRef" = "CDD79E0061C324129FBBE598"; };
2B61CD122F9E04BCFC1E56A0 = { "isa" = "PBXSourcesBuildPhase"; "buildActionMask" = "2147483647"; "files" = ( "0BCE5CB7782CD1CC967FFC6E", "ADE8663FC3D2AD92D1EACA90", "E560B88D735D3E0F3C17B586", "3C2910E218DED9223D1CEB08", "CE71825F7871B66B2A05246A", "80DCC293E0AD58A68CE3F5F3", "63ACCF19A02FCFC2EBAB715D", "647EC259A4ABFAEFF5F442A3", "821595B2B1EA69A1A6E92D63", "6678EE955532CFD41148E9FE", "4DE52541E8C8007A066789B4", "5F4104F207A1A3E4179687DF", ); "runOnlyForDeploymentPostprocessing" = "0"; };
77667B144E68CF23CFA500A0 = { "isa" = "PBXBuildFile"; "fileRef" = "F5AE27228AC34400DE4A3768"; };
FD9761C13A0B8C3DCF3D4C24 = { "isa" = "PBXFrameworksBuildPhase"; "buildActionMask" = "2147483647"; "files" = ( "77667B144E68CF23CFA500A0", ); "runOnlyForDeploymentPostprocessing" = "0"; };
68FE20B58B4B2838F657754A = { "isa" = "XCBuildConfiguration"; "name" = "Debug"; "buildSettings" = { "PRODUCT_NAME" = "$(TARGET_NAME)"; "DEFINES_MODULE" = "YES"; "SKIP_INSTALL" = "YES"; "SWIFT_OPTIMIZATION_LEVEL" = "-Onone"; "SWIFT_ACTIVE_COMPILATION_CONDITIONS" = "DEBUG $(inherited)"; "ENABLE_TESTABILITY" = "YES"; }; };
AC9086A30DE5A93AA1575B3D = { "isa" = "XCBuildConfiguration"; "name" = "Release"; "buildSettings" = { "PRODUCT_NAME" = "$(TARGET_NAME)"; "DEFINES_MODULE" = "YES"; "SKIP_INSTALL" = "YES"; "SWIFT_OPTIMIZATION_LEVEL" = "-O"; }; };
BD0F35B83FF993A552D9315F = { "isa" = "XCConfigurationList"; "buildConfigurations" = ( "68FE20B58B4B2838F657754A", "AC9086A30DE5A93AA1575B3D", ); "defaultConfigurationIsVisible" = "0"; "defaultConfigurationName" = "Release"; };
8B83280B55BF244731DA712F = { "isa" = "PBXNativeTarget"; "name" = "PlaydockPresentation"; "productName" = "PlaydockPresentation"; "productReference" = "8B084D2469834109421D3985"; "productType" = "com.apple.product-type.library.static"; "buildPhases" = ( "2B61CD122F9E04BCFC1E56A0", "FD9761C13A0B8C3DCF3D4C24", ); "buildRules" = ( ); "dependencies" = ( "4CEAD19CA19EBCB5DADF2A14", ); "buildConfigurationList" = "BD0F35B83FF993A552D9315F"; };
D8A7B62284106F485D87120B = { "isa" = "PBXContainerItemProxy"; "containerPortal" = "244210E48437B6556980A702"; "proxyType" = "1"; "remoteGlobalIDString" = "8B83280B55BF244731DA712F"; "remoteInfo" = "PlaydockPresentation"; };
EAEE6F877DACAF082107CF30 = { "isa" = "PBXTargetDependency"; "target" = "8B83280B55BF244731DA712F"; "targetProxy" = "D8A7B62284106F485D87120B"; };
84F191BDF41FE721D4D74B59 = { "isa" = "PBXBuildFile"; "fileRef" = "B9DB3B33B5A36699C0881495"; };
D03FE51034EBF6D8B0EA6056 = { "isa" = "PBXBuildFile"; "fileRef" = "F312612C6A33F032354B1AE7"; };
452ACB8F0DF69E32405883D4 = { "isa" = "PBXBuildFile"; "fileRef" = "22713A4275019E7A11F0ED05"; };
2A1C080CCDEFCE460CAB8627 = { "isa" = "PBXSourcesBuildPhase"; "buildActionMask" = "2147483647"; "files" = ( "84F191BDF41FE721D4D74B59", "D03FE51034EBF6D8B0EA6056", "452ACB8F0DF69E32405883D4", ); "runOnlyForDeploymentPostprocessing" = "0"; };
64F8205126A6AFD501ABD4E3 = { "isa" = "PBXFrameworksBuildPhase"; "buildActionMask" = "2147483647"; "files" = ( ); "runOnlyForDeploymentPostprocessing" = "0"; };
9AFC0937B24A8F2C9E0BD802 = { "isa" = "XCBuildConfiguration"; "name" = "Debug"; "buildSettings" = { "PRODUCT_NAME" = "PlaydockWineDisplay"; "EXECUTABLE_PREFIX" = "lib"; "CLANG_ENABLE_OBJC_ARC" = "YES"; "ARCHS" = "arm64 x86_64"; "ONLY_ACTIVE_ARCH" = "NO"; "OTHER_LDFLAGS" = "$(inherited) -framework Cocoa -framework ApplicationServices"; "ENABLE_HARDENED_RUNTIME" = "NO"; "SKIP_INSTALL" = "YES"; "DYLIB_INSTALL_NAME_BASE" = "@rpath"; "SWIFT_OPTIMIZATION_LEVEL" = "-Onone"; "SWIFT_ACTIVE_COMPILATION_CONDITIONS" = "DEBUG $(inherited)"; "ENABLE_TESTABILITY" = "YES"; }; };
9134ED2DB6389F7C7282C754 = { "isa" = "XCBuildConfiguration"; "name" = "Release"; "buildSettings" = { "PRODUCT_NAME" = "PlaydockWineDisplay"; "EXECUTABLE_PREFIX" = "lib"; "CLANG_ENABLE_OBJC_ARC" = "YES"; "ARCHS" = "arm64 x86_64"; "ONLY_ACTIVE_ARCH" = "NO"; "OTHER_LDFLAGS" = "$(inherited) -framework Cocoa -framework ApplicationServices"; "ENABLE_HARDENED_RUNTIME" = "NO"; "SKIP_INSTALL" = "YES"; "DYLIB_INSTALL_NAME_BASE" = "@rpath"; "SWIFT_OPTIMIZATION_LEVEL" = "-O"; }; };
0F6FA6AEC48EE30AE2890797 = { "isa" = "XCConfigurationList"; "buildConfigurations" = ( "9AFC0937B24A8F2C9E0BD802", "9134ED2DB6389F7C7282C754", ); "defaultConfigurationIsVisible" = "0"; "defaultConfigurationName" = "Release"; };
D7D71A3426134CC3479C3C50 = { "isa" = "PBXNativeTarget"; "name" = "PlaydockWineDisplay"; "productName" = "PlaydockWineDisplay"; "productReference" = "FF410B6C99A4EDE1DF5D68E3"; "productType" = "com.apple.product-type.library.dynamic"; "buildPhases" = ( "2A1C080CCDEFCE460CAB8627", "64F8205126A6AFD501ABD4E3", ); "buildRules" = ( ); "dependencies" = ( ); "buildConfigurationList" = "0F6FA6AEC48EE30AE2890797"; };
6F73ED86F8D27724F3085E73 = { "isa" = "PBXBuildFile"; "fileRef" = "68FEA9AF32CDBA8D2B0FB5B9"; };
973510077138677342A667D4 = { "isa" = "PBXBuildFile"; "fileRef" = "2D77A6C4205FEB7B42FE7C55"; };
ACBBAF8CD95DE6C5FBD21008 = { "isa" = "PBXBuildFile"; "fileRef" = "A3DCB6D5CCBA06765D679ED4"; };
E3575339AC7B6C56FD0C13E2 = { "isa" = "PBXBuildFile"; "fileRef" = "1005EF185987B3E117742DB3"; };
AD824F0CC71B4FFDB6CFD59A = { "isa" = "PBXBuildFile"; "fileRef" = "95C76E27911738F92C228DB3"; };
2EEB11D351637222F73F70CB = { "isa" = "PBXBuildFile"; "fileRef" = "185B2D6D693ED1D609848169"; };
7FD5158D969E936B1C14A004 = { "isa" = "PBXBuildFile"; "fileRef" = "5BFBC2DB85CF04F7B7561A14"; };
98D68BF6DB56B0E39E5ADCB6 = { "isa" = "PBXBuildFile"; "fileRef" = "BFC94C3891BC6B484968E8AB"; };
1704A150DF75866EA7F75626 = { "isa" = "PBXBuildFile"; "fileRef" = "9DADE065BBFF02E26F61F0F9"; };
26041674A211A94E525825C6 = { "isa" = "PBXBuildFile"; "fileRef" = "3765215F1CC486606F5EEA5D"; };
51F1B4EB423FB70F0EE10B8F = { "isa" = "PBXBuildFile"; "fileRef" = "14114587738CB597BEE93FBD"; };
36CEAA30B83DE833CE66A6FE = { "isa" = "PBXBuildFile"; "fileRef" = "5FC3D775AD11B77D05AB3942"; };
E8D72F21E608C54F78A6C101 = { "isa" = "PBXBuildFile"; "fileRef" = "880AA07BBA8F257A328975A6"; };
8FEDC80F6AB05789FF0D3F80 = { "isa" = "PBXBuildFile"; "fileRef" = "01A3CFC92D8B382288EC6836"; };
6F1DC31E4E5BCAF71C89C20E = { "isa" = "PBXBuildFile"; "fileRef" = "F63BC3D24F1375499AA3D999"; };
5B84EA1C76B003BB6FEEC75A = { "isa" = "PBXBuildFile"; "fileRef" = "C8A7B6220923058CF0322755"; };
34043C62A8839948A765E624 = { "isa" = "PBXBuildFile"; "fileRef" = "C37E01A2CB515F97CEA0FEB9"; };
820963149C6D2481E7438D45 = { "isa" = "PBXBuildFile"; "fileRef" = "44376E4BD2054055094E3361"; };
C7F6CEDD0E584E9CAAF89C7F = { "isa" = "PBXBuildFile"; "fileRef" = "4F0B107D32AE719062C786B2"; };
2FA0395E30282734037A49CE = { "isa" = "PBXBuildFile"; "fileRef" = "EE41133B1C8D9F58F4CFBF89"; };
BD372225AE9C3A9D76B48338 = { "isa" = "PBXBuildFile"; "fileRef" = "12A8D79D4BAD7B346D2DFA35"; };
DF49944D3D26EDA4C3E2E712 = { "isa" = "PBXBuildFile"; "fileRef" = "E67D9B8CCA302C83532A2EC9"; };
356A3C927AB6EDEAB91E4F42 = { "isa" = "PBXBuildFile"; "fileRef" = "67263CC04BC695D075283375"; };
2E5E99F3BA300EA77D12AA2F = { "isa" = "PBXBuildFile"; "fileRef" = "F9BD2B69744A417F3AEE0CB6"; };
CBA3FE7147A2C3F2BF44B36B = { "isa" = "PBXBuildFile"; "fileRef" = "CE67C3E01A2D9664A870195F"; };
58F8D02D16E5353FA0F1FF40 = { "isa" = "PBXBuildFile"; "fileRef" = "3BE62D4D1D9E83251AEE8B63"; };
45A2EF7E8FBCDE9088A6E109 = { "isa" = "PBXBuildFile"; "fileRef" = "DAF10DF60A70025F3E0E1D0A"; };
FD421D5062365C991944A607 = { "isa" = "PBXSourcesBuildPhase"; "buildActionMask" = "2147483647"; "files" = ( "6F73ED86F8D27724F3085E73", "973510077138677342A667D4", "ACBBAF8CD95DE6C5FBD21008", "E3575339AC7B6C56FD0C13E2", "AD824F0CC71B4FFDB6CFD59A", "2EEB11D351637222F73F70CB", "7FD5158D969E936B1C14A004", "98D68BF6DB56B0E39E5ADCB6", "1704A150DF75866EA7F75626", "26041674A211A94E525825C6", "51F1B4EB423FB70F0EE10B8F", "36CEAA30B83DE833CE66A6FE", "E8D72F21E608C54F78A6C101", "8FEDC80F6AB05789FF0D3F80", "6F1DC31E4E5BCAF71C89C20E", "5B84EA1C76B003BB6FEEC75A", "34043C62A8839948A765E624", "820963149C6D2481E7438D45", "C7F6CEDD0E584E9CAAF89C7F", "2FA0395E30282734037A49CE", "BD372225AE9C3A9D76B48338", "DF49944D3D26EDA4C3E2E712", "356A3C927AB6EDEAB91E4F42", "2E5E99F3BA300EA77D12AA2F", "CBA3FE7147A2C3F2BF44B36B", "58F8D02D16E5353FA0F1FF40", "45A2EF7E8FBCDE9088A6E109", ); "runOnlyForDeploymentPostprocessing" = "0"; };
4F76F55167D56FF9E6614912 = { "isa" = "PBXBuildFile"; "fileRef" = "F5AE27228AC34400DE4A3768"; };
5B7E8B966A4D4D823A1F2388 = { "isa" = "PBXFrameworksBuildPhase"; "buildActionMask" = "2147483647"; "files" = ( "4F76F55167D56FF9E6614912", ); "runOnlyForDeploymentPostprocessing" = "0"; };
A4B7960ACF3D86B83FBB4A82 = { "isa" = "XCBuildConfiguration"; "name" = "Debug"; "buildSettings" = { "PRODUCT_NAME" = "$(TARGET_NAME)"; "SKIP_INSTALL" = "YES"; "ENABLE_HARDENED_RUNTIME" = "YES"; "SWIFT_OPTIMIZATION_LEVEL" = "-Onone"; "SWIFT_ACTIVE_COMPILATION_CONDITIONS" = "DEBUG $(inherited)"; "ENABLE_TESTABILITY" = "YES"; }; };
B8A085278F85D4161661942D = { "isa" = "XCBuildConfiguration"; "name" = "Release"; "buildSettings" = { "PRODUCT_NAME" = "$(TARGET_NAME)"; "SKIP_INSTALL" = "YES"; "ENABLE_HARDENED_RUNTIME" = "YES"; "SWIFT_OPTIMIZATION_LEVEL" = "-O"; }; };
AA11354721DFE1B97C6CC799 = { "isa" = "XCConfigurationList"; "buildConfigurations" = ( "A4B7960ACF3D86B83FBB4A82", "B8A085278F85D4161661942D", ); "defaultConfigurationIsVisible" = "0"; "defaultConfigurationName" = "Release"; };
8A22528DE237174D4F8A28C2 = { "isa" = "PBXNativeTarget"; "name" = "PlaydockSteamIntegration"; "productName" = "PlaydockSteamIntegration"; "productReference" = "AFA525ABE6D188062708AE98"; "productType" = "com.apple.product-type.tool"; "buildPhases" = ( "FD421D5062365C991944A607", "5B7E8B966A4D4D823A1F2388", ); "buildRules" = ( ); "dependencies" = ( "4CEAD19CA19EBCB5DADF2A14", ); "buildConfigurationList" = "AA11354721DFE1B97C6CC799"; };
A1942A172BC88506277F0555 = { "isa" = "PBXContainerItemProxy"; "containerPortal" = "244210E48437B6556980A702"; "proxyType" = "1"; "remoteGlobalIDString" = "8A22528DE237174D4F8A28C2"; "remoteInfo" = "PlaydockSteamIntegration"; };
BCEE3A1CD94B6FA42AD496D6 = { "isa" = "PBXTargetDependency"; "target" = "8A22528DE237174D4F8A28C2"; "targetProxy" = "A1942A172BC88506277F0555"; };
FE85CF9F166C216D142DEBEB = { "isa" = "PBXBuildFile"; "fileRef" = "AFA525ABE6D188062708AE98"; "settings" = { "ATTRIBUTES" = ( "CodeSignOnCopy", ); }; };
998631B7C5005BE1741CB36F = { "isa" = "PBXCopyFilesBuildPhase"; "buildActionMask" = "2147483647"; "dstPath" = ""; "dstSubfolderSpec" = "6"; "files" = ( "FE85CF9F166C216D142DEBEB", ); "runOnlyForDeploymentPostprocessing" = "0"; };
E921CA63984EE01BB60B3DBF = { "isa" = "PBXContainerItemProxy"; "containerPortal" = "244210E48437B6556980A702"; "proxyType" = "1"; "remoteGlobalIDString" = "D7D71A3426134CC3479C3C50"; "remoteInfo" = "PlaydockWineDisplay"; };
9272F92DC104FD3DBC080666 = { "isa" = "PBXTargetDependency"; "target" = "D7D71A3426134CC3479C3C50"; "targetProxy" = "E921CA63984EE01BB60B3DBF"; };
C17379FA6C1CC179405429EB = { "isa" = "PBXBuildFile"; "fileRef" = "FF410B6C99A4EDE1DF5D68E3"; "settings" = { "ATTRIBUTES" = ( "CodeSignOnCopy", ); }; };
78420BE6AEAF600779341E5E = { "isa" = "PBXCopyFilesBuildPhase"; "buildActionMask" = "2147483647"; "dstPath" = ""; "dstSubfolderSpec" = "10"; "files" = ( "C17379FA6C1CC179405429EB", ); "runOnlyForDeploymentPostprocessing" = "0"; };
B847A60BD85026329E4E799B = { "isa" = "PBXBuildFile"; "fileRef" = "8BF729FFE074CAEE622C0292"; };
5E7B5A7F858E07A1D0472984 = { "isa" = "PBXBuildFile"; "fileRef" = "C693279643B8CD5D248172D9"; };
D0FD6E7B2ECFFF7694A945E7 = { "isa" = "PBXBuildFile"; "fileRef" = "DFB14FBB9E7D095209EC4CFD"; };
0243DE6283AFEB6EFDD2B1F3 = { "isa" = "PBXResourcesBuildPhase"; "buildActionMask" = "2147483647"; "files" = ( "B847A60BD85026329E4E799B", "5E7B5A7F858E07A1D0472984", "D0FD6E7B2ECFFF7694A945E7", ); "runOnlyForDeploymentPostprocessing" = "0"; };
AE9F5B8AB02CCBE9E7C2B26F = { "isa" = "PBXShellScriptBuildPhase"; "buildActionMask" = "2147483647"; "alwaysOutOfDate" = "1"; "files" = ( ); "inputPaths" = ( "$(SRCROOT)/Scripts/prepare_steam_bridge.py", "$(SRCROOT)/BridgeComponents/release.json", "$(SRCROOT)/BridgeComponents/Licenses", ); "outputPaths" = ( "$(TARGET_BUILD_DIR)/$(UNLOCALIZED_RESOURCES_FOLDER_PATH)/SteamBridge/release.json", ); "name" = "Build Steam integration"; "runOnlyForDeploymentPostprocessing" = "0"; "shellPath" = "/bin/sh"; "shellScript" = "set -eu\n/usr/bin/python3 \"$SRCROOT/Scripts/prepare_steam_bridge.py\" --output \"$TARGET_BUILD_DIR/$UNLOCALIZED_RESOURCES_FOLDER_PATH/SteamBridge\"\n"; };
BE65E74E30E6B815761845EB = { "isa" = "PBXBuildFile"; "fileRef" = "57968197C03A9454ACC8E98C"; };
94BCCE7E719478B791FEF251 = { "isa" = "PBXBuildFile"; "fileRef" = "336E958E0C5ACD43DFD09FD2"; };
32F4241C85D6E351CCEEFC4B = { "isa" = "PBXBuildFile"; "fileRef" = "9BD2A4459C024011C443DA8D"; };
E80365F091F3984EE3F051B8 = { "isa" = "PBXBuildFile"; "fileRef" = "7DD5D792E6E0D7A5D9B6E21F"; };
AE5FD321F62EE383CC0D8210 = { "isa" = "PBXBuildFile"; "fileRef" = "E5CBA38110FD8F056352346A"; };
92F0DFDC6C6DB55DCDDE3AC7 = { "isa" = "PBXBuildFile"; "fileRef" = "EAED93184E34CCAB78A577C1"; };
C5CE87C702EBF5E0F30386D7 = { "isa" = "PBXBuildFile"; "fileRef" = "414E13CB42D2CC46384CE4FD"; };
E549C780FB8841B9D91E5E83 = { "isa" = "PBXBuildFile"; "fileRef" = "611343285801239041893397"; };
CDD74ED2ECA4D9C9B9D8F182 = { "isa" = "PBXBuildFile"; "fileRef" = "421EDF2ABF0E9910F03ABC92"; };
75ED3A939FE11F61002461C2 = { "isa" = "PBXBuildFile"; "fileRef" = "EF52724F0C3A09C0B9C0F1C7"; };
275622D0FCC94CC1F841609A = { "isa" = "PBXBuildFile"; "fileRef" = "9A034431EAE362B2D332F18E"; };
E138EAA1F36AD72A639160DC = { "isa" = "PBXBuildFile"; "fileRef" = "AB35CD87B9DB139AAAB21DAF"; };
01FBF1D158B8CE0AD4BF5459 = { "isa" = "PBXBuildFile"; "fileRef" = "C7D5944CF51230F96106CA3B"; };
E7ADB3EA142F97ED500B7106 = { "isa" = "PBXBuildFile"; "fileRef" = "3ADB5A2FD5AC69B5B97DAA76"; };
AEF1E29E61F80CE27B7CF129 = { "isa" = "PBXBuildFile"; "fileRef" = "0F29CBE9C52E79916336D164"; };
49E974DE9DB5424805B78320 = { "isa" = "PBXBuildFile"; "fileRef" = "993F630A9662F7C388F9DB86"; };
02A26E43731E27A03F6C0976 = { "isa" = "PBXBuildFile"; "fileRef" = "B15ECC46742DF23AC8010AB0"; };
652AD8E65B75203E39CD1A9E = { "isa" = "PBXBuildFile"; "fileRef" = "C13AB45F7B368160890A738B"; };
17924FB634ECB820D0F0B7B0 = { "isa" = "PBXBuildFile"; "fileRef" = "0296327C527AA0D12A832985"; };
B30E6474DD0F0A5F33FC63EF = { "isa" = "PBXBuildFile"; "fileRef" = "454A8B22155CAC3D1CF998FA"; };
2045FCD8184ACEA0B8764083 = { "isa" = "PBXBuildFile"; "fileRef" = "7E97914FC4BBFF7AEA5D80EC"; };
E2E05DEDD7AD76BFDD5BD28F = { "isa" = "PBXBuildFile"; "fileRef" = "28843006A9EF1EF5B2120C07"; };
3EFBB0C1CDA95D410A70E54D = { "isa" = "PBXBuildFile"; "fileRef" = "373BB424ED32E86013EEC5AE"; };
CC807DBC4958CF5B05A4854E = { "isa" = "PBXBuildFile"; "fileRef" = "3F1613FCBF23836D6C3139FC"; };
EE865F86477C8854A473DB47 = { "isa" = "PBXBuildFile"; "fileRef" = "D6F633370DD9831C8AFBA67E"; };
E2AE9D20B3FAB3589D493C1B = { "isa" = "PBXBuildFile"; "fileRef" = "869B7229AC6B3CE7E71104F3"; };
561CAC9C2203F96A86FF2057 = { "isa" = "PBXBuildFile"; "fileRef" = "7013760B98E5B651B9DD046A"; };
512D44F42CF2EC622CEF0C7E = { "isa" = "PBXBuildFile"; "fileRef" = "F64180F36A47D4C659174520"; };
BFB11F3382BDC77471A9BB9F = { "isa" = "PBXBuildFile"; "fileRef" = "73A988F866D2E3804A4731D4"; };
FB5E87B03B97AE75A0B1311C = { "isa" = "PBXBuildFile"; "fileRef" = "E48CE5EEC98ADDB1085CC33C"; };
4D482341AD6A0FCA9040BAFB = { "isa" = "PBXBuildFile"; "fileRef" = "A90A7BAA0E12668CBA3CA74C"; };
FC0FBE51C3A35BE3F3752CD4 = { "isa" = "PBXBuildFile"; "fileRef" = "3FF3B454E29910D549CECEF4"; };
1D345FFB5CDCD899D5588405 = { "isa" = "PBXBuildFile"; "fileRef" = "9F527D5AD4B9BD8EA48A9642"; };
B789027FB735D7B9A3A5DEBB = { "isa" = "PBXBuildFile"; "fileRef" = "2A1EAE0FA18500F6363B099F"; };
F35FC835C20C8C8F94385F0B = { "isa" = "PBXBuildFile"; "fileRef" = "FDA5D5B7EC12B2110E4A1238"; };
D80FFFA8545F0F5C145A5B21 = { "isa" = "PBXBuildFile"; "fileRef" = "CA5B679A4A6E1383929424BB"; };
735E82BDA0EE27230CF0A620 = { "isa" = "PBXBuildFile"; "fileRef" = "C5CF22714602F409F25F2A3E"; };
4B7BAB5CCEE10A1C8E031981 = { "isa" = "PBXBuildFile"; "fileRef" = "C4706981BC8E09BE1DC8143D"; };
8ADD18E137EB0BD2393B1E3B = { "isa" = "PBXBuildFile"; "fileRef" = "B77D8C681A5ED979E758F195"; };
100A2CD7B3FC3B68EFAFBCE4 = { "isa" = "PBXBuildFile"; "fileRef" = "344BDD8F2E07673E73DED9E9"; };
2822DB6A258FBF0DEE7F3D93 = { "isa" = "PBXBuildFile"; "fileRef" = "DBDB2DECEA6E9B058FF74E4D"; };
369EB24455AA4FC9AAF5B96F = { "isa" = "PBXBuildFile"; "fileRef" = "6C4CC95D5A92C56005E333EE"; };
80C5BE2AD95353598073E9FC = { "isa" = "PBXBuildFile"; "fileRef" = "6BE6FCC88177E148336F7EE3"; };
4D060CC8D7DA2E128F8A9FAE = { "isa" = "PBXBuildFile"; "fileRef" = "FD052360D174BA8746BDC9A7"; };
DF782729AD29A812884DB5FD = { "isa" = "PBXBuildFile"; "fileRef" = "B96B1161EB799ED17EAEDB19"; };
49A8F89C20C207E5C3B1502F = { "isa" = "PBXBuildFile"; "fileRef" = "A1234D292C75F8C64F999A6F"; };
3AA2BA69C58635D67CA40221 = { "isa" = "PBXBuildFile"; "fileRef" = "3DEB013523A5C61B116AE193"; };
D8D4E459139F2D2884489191 = { "isa" = "PBXBuildFile"; "fileRef" = "8D9DFAF44264067DC786B1C6"; };
2CBBAB03217B25E4B006DE12 = { "isa" = "PBXBuildFile"; "fileRef" = "A1E099722C1A8C3BA1BECF14"; };
313C36041BDE428E5EE1F962 = { "isa" = "PBXBuildFile"; "fileRef" = "92486AA109EAB732B508261C"; };
06986FB2A8C3846D64657B2E = { "isa" = "PBXBuildFile"; "fileRef" = "8B68F52F8BCFF259E696BD86"; };
F681F530124E1B658C0453E0 = { "isa" = "PBXBuildFile"; "fileRef" = "52BA30DF9079E8E1F1DC6672"; };
6F77D3785F2EEC1E72A218DC = { "isa" = "PBXSourcesBuildPhase"; "buildActionMask" = "2147483647"; "files" = ( "BE65E74E30E6B815761845EB", "94BCCE7E719478B791FEF251", "32F4241C85D6E351CCEEFC4B", "E80365F091F3984EE3F051B8", "AE5FD321F62EE383CC0D8210", "92F0DFDC6C6DB55DCDDE3AC7", "C5CE87C702EBF5E0F30386D7", "E549C780FB8841B9D91E5E83", "CDD74ED2ECA4D9C9B9D8F182", "75ED3A939FE11F61002461C2", "275622D0FCC94CC1F841609A", "E138EAA1F36AD72A639160DC", "01FBF1D158B8CE0AD4BF5459", "E7ADB3EA142F97ED500B7106", "AEF1E29E61F80CE27B7CF129", "49E974DE9DB5424805B78320", "02A26E43731E27A03F6C0976", "652AD8E65B75203E39CD1A9E", "17924FB634ECB820D0F0B7B0", "B30E6474DD0F0A5F33FC63EF", "2045FCD8184ACEA0B8764083", "E2E05DEDD7AD76BFDD5BD28F", "3EFBB0C1CDA95D410A70E54D", "CC807DBC4958CF5B05A4854E", "EE865F86477C8854A473DB47", "E2AE9D20B3FAB3589D493C1B", "561CAC9C2203F96A86FF2057", "512D44F42CF2EC622CEF0C7E", "BFB11F3382BDC77471A9BB9F", "FB5E87B03B97AE75A0B1311C", "4D482341AD6A0FCA9040BAFB", "FC0FBE51C3A35BE3F3752CD4", "1D345FFB5CDCD899D5588405", "B789027FB735D7B9A3A5DEBB", "F35FC835C20C8C8F94385F0B", "D80FFFA8545F0F5C145A5B21", "735E82BDA0EE27230CF0A620", "4B7BAB5CCEE10A1C8E031981", "8ADD18E137EB0BD2393B1E3B", "100A2CD7B3FC3B68EFAFBCE4", "2822DB6A258FBF0DEE7F3D93", "369EB24455AA4FC9AAF5B96F", "80C5BE2AD95353598073E9FC", "4D060CC8D7DA2E128F8A9FAE", "DF782729AD29A812884DB5FD", "49A8F89C20C207E5C3B1502F", "3AA2BA69C58635D67CA40221", "D8D4E459139F2D2884489191", "2CBBAB03217B25E4B006DE12", "313C36041BDE428E5EE1F962", "06986FB2A8C3846D64657B2E", "F681F530124E1B658C0453E0", ); "runOnlyForDeploymentPostprocessing" = "0"; };
A15A6CBB927DB9D206A719A0 = { "isa" = "PBXBuildFile"; "fileRef" = "F5AE27228AC34400DE4A3768"; };
BCE10AA08374D9E2353FE326 = { "isa" = "PBXBuildFile"; "fileRef" = "8B084D2469834109421D3985"; };
F3DC3E91A8687A5CB81076F4 = { "isa" = "PBXFrameworksBuildPhase"; "buildActionMask" = "2147483647"; "files" = ( "A15A6CBB927DB9D206A719A0", "BCE10AA08374D9E2353FE326", ); "runOnlyForDeploymentPostprocessing" = "0"; };
702A057C813F700DC90695F1 = { "isa" = "XCBuildConfiguration"; "name" = "Debug"; "buildSettings" = { "PRODUCT_NAME" = "$(TARGET_NAME)"; "PRODUCT_BUNDLE_IDENTIFIER" = "app.playdock.mac"; "INFOPLIST_FILE" = "Info.plist"; "CLANG_ENABLE_OBJC_ARC" = "YES"; "GENERATE_INFOPLIST_FILE" = "NO"; "ENABLE_APP_SANDBOX" = "NO"; "ENABLE_HARDENED_RUNTIME" = "YES"; "ENABLE_USER_SCRIPT_SANDBOXING" = "NO"; "ASSETCATALOG_COMPILER_APPICON_NAME" = "AppIcon"; "LD_RUNPATH_SEARCH_PATHS" = "$(inherited) @executable_path/../Frameworks"; "COMBINE_HIDPI_IMAGES" = "YES"; "SWIFT_OPTIMIZATION_LEVEL" = "-Onone"; "SWIFT_ACTIVE_COMPILATION_CONDITIONS" = "DEBUG $(inherited)"; "ENABLE_TESTABILITY" = "YES"; }; };
466D20FBCECD50304EB1AEB7 = { "isa" = "XCBuildConfiguration"; "name" = "Release"; "buildSettings" = { "PRODUCT_NAME" = "$(TARGET_NAME)"; "PRODUCT_BUNDLE_IDENTIFIER" = "app.playdock.mac"; "INFOPLIST_FILE" = "Info.plist"; "CLANG_ENABLE_OBJC_ARC" = "YES"; "GENERATE_INFOPLIST_FILE" = "NO"; "ENABLE_APP_SANDBOX" = "NO"; "ENABLE_HARDENED_RUNTIME" = "YES"; "ENABLE_USER_SCRIPT_SANDBOXING" = "NO"; "ASSETCATALOG_COMPILER_APPICON_NAME" = "AppIcon"; "LD_RUNPATH_SEARCH_PATHS" = "$(inherited) @executable_path/../Frameworks"; "COMBINE_HIDPI_IMAGES" = "YES"; "SWIFT_OPTIMIZATION_LEVEL" = "-O"; }; };
3C04D03BAD2455F21534F0AD = { "isa" = "XCConfigurationList"; "buildConfigurations" = ( "702A057C813F700DC90695F1", "466D20FBCECD50304EB1AEB7", ); "defaultConfigurationIsVisible" = "0"; "defaultConfigurationName" = "Release"; };
C1E9827DB735CA9BAA54A540 = { "isa" = "PBXNativeTarget"; "name" = "Playdock"; "productName" = "Playdock"; "productReference" = "681C948D238C526E9E3424E0"; "productType" = "com.apple.product-type.application"; "buildPhases" = ( "6F77D3785F2EEC1E72A218DC", "F3DC3E91A8687A5CB81076F4", "0243DE6283AFEB6EFDD2B1F3", "AE9F5B8AB02CCBE9E7C2B26F", "78420BE6AEAF600779341E5E", "998631B7C5005BE1741CB36F", ); "buildRules" = ( ); "dependencies" = ( "4CEAD19CA19EBCB5DADF2A14", "EAEE6F877DACAF082107CF30", "9272F92DC104FD3DBC080666", "BCEE3A1CD94B6FA42AD496D6", ); "buildConfigurationList" = "3C04D03BAD2455F21534F0AD"; };
7456535D5E02C88208636BC2 = { "isa" = "PBXBuildFile"; "fileRef" = "DD568ECC194D93DBC61A802A"; };
D012D653B650EBA281561FA5 = { "isa" = "PBXBuildFile"; "fileRef" = "839695F3C9BE5DB2405340A3"; };
6D280127E5AB566F299A3965 = { "isa" = "PBXBuildFile"; "fileRef" = "8E7EF568EE8CAC63D69505FC"; };
743C495CCE944B3FE24C9111 = { "isa" = "PBXBuildFile"; "fileRef" = "6A94888E7C21644B61C9AD0E"; };
FCAA1C5A1FF804E7A51CAD1D = { "isa" = "PBXBuildFile"; "fileRef" = "C2F5C9FBC20AD16E3E65928B"; };
AF7DB0CE2535005CA0426AC6 = { "isa" = "PBXBuildFile"; "fileRef" = "D836C2BE7B115EDD84ED6320"; };
BE4EF8AFAD431BF39B6C1281 = { "isa" = "PBXBuildFile"; "fileRef" = "B0B07226E79FEDE5D22EF1DD"; };
DFC15EFBEDF7284CC31CDB4F = { "isa" = "PBXBuildFile"; "fileRef" = "A807564294C3C7C75A84FCCC"; };
1D0B5B88973E8D8F5693B79F = { "isa" = "PBXBuildFile"; "fileRef" = "C66DB0F48BAC3477B57F633F"; };
65C9A93C73223B960FDE64EE = { "isa" = "PBXBuildFile"; "fileRef" = "DDCEDF721DFDEC90810E92ED"; };
E7346AC9DF121372C2A9D3E2 = { "isa" = "PBXBuildFile"; "fileRef" = "21F88FB9E4B40F914665ACB1"; };
B7D10C9787D9A0E0529C382A = { "isa" = "PBXBuildFile"; "fileRef" = "275A314236B9C2DACFA2B5CE"; };
37C96D4E77DAC907011107BA = { "isa" = "PBXBuildFile"; "fileRef" = "BA8A9568A279DB61689FBC4F"; };
3A09067A9F315102A75E35A0 = { "isa" = "PBXBuildFile"; "fileRef" = "565EB2EDFB881DC126B58688"; };
DD48A8C4B9C262D2F2C6F8A7 = { "isa" = "PBXBuildFile"; "fileRef" = "5DD93F7734ADB93587A87B07"; };
4A2D5EB7D783829F72700FB0 = { "isa" = "PBXBuildFile"; "fileRef" = "DFD69C45DDC6446A333BAECE"; };
C08F24F96F76EEE7C3CBA038 = { "isa" = "PBXBuildFile"; "fileRef" = "96B130C413D911542BB94D42"; };
1CA5A3A361397DBEBA1CFCD5 = { "isa" = "PBXBuildFile"; "fileRef" = "6EFCCD2FFCADFD2D43705A7F"; };
0E9AFBA07FFB08AC2A572B74 = { "isa" = "PBXBuildFile"; "fileRef" = "2028CECE2FE85DAB093705EF"; };
261B93B0E4E0D1EFD82174F0 = { "isa" = "PBXSourcesBuildPhase"; "buildActionMask" = "2147483647"; "files" = ( "7456535D5E02C88208636BC2", "D012D653B650EBA281561FA5", "6D280127E5AB566F299A3965", "743C495CCE944B3FE24C9111", "FCAA1C5A1FF804E7A51CAD1D", "AF7DB0CE2535005CA0426AC6", "BE4EF8AFAD431BF39B6C1281", "DFC15EFBEDF7284CC31CDB4F", "1D0B5B88973E8D8F5693B79F", "65C9A93C73223B960FDE64EE", "E7346AC9DF121372C2A9D3E2", "B7D10C9787D9A0E0529C382A", "37C96D4E77DAC907011107BA", "3A09067A9F315102A75E35A0", "DD48A8C4B9C262D2F2C6F8A7", "4A2D5EB7D783829F72700FB0", "C08F24F96F76EEE7C3CBA038", "1CA5A3A361397DBEBA1CFCD5", "0E9AFBA07FFB08AC2A572B74", ); "runOnlyForDeploymentPostprocessing" = "0"; };
BCC7589284F072234E625E8C = { "isa" = "PBXBuildFile"; "fileRef" = "F5AE27228AC34400DE4A3768"; };
54E5BCF252F3BD8568B8EFC5 = { "isa" = "PBXFrameworksBuildPhase"; "buildActionMask" = "2147483647"; "files" = ( "BCC7589284F072234E625E8C", ); "runOnlyForDeploymentPostprocessing" = "0"; };
73633B01889A13B1B50861BC = { "isa" = "XCBuildConfiguration"; "name" = "Debug"; "buildSettings" = { "PRODUCT_NAME" = "$(TARGET_NAME)"; "PRODUCT_BUNDLE_IDENTIFIER" = "app.playdock.mac.coretests"; "GENERATE_INFOPLIST_FILE" = "YES"; "MACOSX_DEPLOYMENT_TARGET" = "14.0"; "LD_RUNPATH_SEARCH_PATHS" = "$(inherited) @loader_path/../Frameworks @executable_path/../Frameworks"; "SKIP_INSTALL" = "YES"; "SWIFT_OPTIMIZATION_LEVEL" = "-Onone"; "SWIFT_ACTIVE_COMPILATION_CONDITIONS" = "DEBUG $(inherited)"; "ENABLE_TESTABILITY" = "YES"; }; };
BCDB3400D82D63D23D2FACDD = { "isa" = "XCBuildConfiguration"; "name" = "Release"; "buildSettings" = { "PRODUCT_NAME" = "$(TARGET_NAME)"; "PRODUCT_BUNDLE_IDENTIFIER" = "app.playdock.mac.coretests"; "GENERATE_INFOPLIST_FILE" = "YES"; "MACOSX_DEPLOYMENT_TARGET" = "14.0"; "LD_RUNPATH_SEARCH_PATHS" = "$(inherited) @loader_path/../Frameworks @executable_path/../Frameworks"; "SKIP_INSTALL" = "YES"; "SWIFT_OPTIMIZATION_LEVEL" = "-O"; }; };
D40F9E2C8418B3C3128C8415 = { "isa" = "XCConfigurationList"; "buildConfigurations" = ( "73633B01889A13B1B50861BC", "BCDB3400D82D63D23D2FACDD", ); "defaultConfigurationIsVisible" = "0"; "defaultConfigurationName" = "Release"; };
9805CBD60EB4F66728D5D195 = { "isa" = "PBXNativeTarget"; "name" = "PlaydockCoreTests"; "productName" = "PlaydockCoreTests"; "productReference" = "F739566ED5280322FF98A798"; "productType" = "com.apple.product-type.bundle.unit-test"; "buildPhases" = ( "261B93B0E4E0D1EFD82174F0", "54E5BCF252F3BD8568B8EFC5", ); "buildRules" = ( ); "dependencies" = ( "4CEAD19CA19EBCB5DADF2A14", ); "buildConfigurationList" = "D40F9E2C8418B3C3128C8415"; };
244210E48437B6556980A702 = { "isa" = "PBXProject"; "attributes" = { "LastUpgradeCheck" = "1500"; "BuildIndependentTargetsInParallel" = "YES"; }; "buildConfigurationList" = "1E4B6209DBC7689E3E7CF89C"; "compatibilityVersion" = "Xcode 14.0"; "developmentRegion" = "en"; "hasScannedForEncodings" = "0"; "knownRegions" = ( "en", "Base", ); "mainGroup" = "19F479106CE8C3BA8C106518"; "productRefGroup" = "0A3E27B8CA818264D75C8D81"; "projectDirPath" = ""; "projectRoot" = ""; "targets" = ( "C1E9827DB735CA9BAA54A540", "25E3460655BEFB411149C858", "8B83280B55BF244731DA712F", "9805CBD60EB4F66728D5D195", "D7D71A3426134CC3479C3C50", "8A22528DE237174D4F8A28C2", ); };
};
rootObject = 244210E48437B6556980A702;
}
