// !$*UTF8*$!
{
archiveVersion = 1;
classes = {};
objectVersion = 56;
objects = {
EB557A5BA784EF4D86EA8F4B = { "isa" = "PBXFileReference"; "lastKnownFileType" = "sourcecode.swift"; "path" = "Sources/Wayfarer/AppWorkspace.swift"; "sourceTree" = "SOURCE_ROOT"; };
559A120CA676BC3F55D1B710 = { "isa" = "PBXFileReference"; "lastKnownFileType" = "sourcecode.swift"; "path" = "Sources/Wayfarer/ChatView.swift"; "sourceTree" = "SOURCE_ROOT"; };
3EA6A9F32F7BDD9FC5566264 = { "isa" = "PBXFileReference"; "lastKnownFileType" = "sourcecode.swift"; "path" = "Sources/Wayfarer/CollectionsView.swift"; "sourceTree" = "SOURCE_ROOT"; };
42D119F925B8C738D8B49223 = { "isa" = "PBXFileReference"; "lastKnownFileType" = "sourcecode.swift"; "path" = "Sources/Wayfarer/ContentView.swift"; "sourceTree" = "SOURCE_ROOT"; };
44C2E180BB94F7F6977B19F9 = { "isa" = "PBXFileReference"; "lastKnownFileType" = "sourcecode.swift"; "path" = "Sources/Wayfarer/CouchControls.swift"; "sourceTree" = "SOURCE_ROOT"; };
4BE918E54DE87995A966E296 = { "isa" = "PBXFileReference"; "lastKnownFileType" = "sourcecode.swift"; "path" = "Sources/Wayfarer/CouchFocus.swift"; "sourceTree" = "SOURCE_ROOT"; };
2619EF96BD1C7BD07D0B5523 = { "isa" = "PBXFileReference"; "lastKnownFileType" = "sourcecode.swift"; "path" = "Sources/Wayfarer/CouchView.swift"; "sourceTree" = "SOURCE_ROOT"; };
8DBA33A06A2135CC9E8FE002 = { "isa" = "PBXFileReference"; "lastKnownFileType" = "sourcecode.swift"; "path" = "Sources/Wayfarer/DiagnosticsView.swift"; "sourceTree" = "SOURCE_ROOT"; };
3F49D95CBDE1EE6B4C05D4C3 = { "isa" = "PBXFileReference"; "lastKnownFileType" = "sourcecode.swift"; "path" = "Sources/Wayfarer/DownloadPolicyView.swift"; "sourceTree" = "SOURCE_ROOT"; };
38A4544E25C392F39FEC7643 = { "isa" = "PBXFileReference"; "lastKnownFileType" = "sourcecode.swift"; "path" = "Sources/Wayfarer/DownloadsView.swift"; "sourceTree" = "SOURCE_ROOT"; };
8B36C5E3DCEF4A88AA46D7FF = { "isa" = "PBXFileReference"; "lastKnownFileType" = "sourcecode.swift"; "path" = "Sources/Wayfarer/EmbeddedSession.swift"; "sourceTree" = "SOURCE_ROOT"; };
28348BF161D93597B41441DA = { "isa" = "PBXFileReference"; "lastKnownFileType" = "sourcecode.swift"; "path" = "Sources/Wayfarer/GameCard.swift"; "sourceTree" = "SOURCE_ROOT"; };
7E90DB965A7E49D90CA566AD = { "isa" = "PBXFileReference"; "lastKnownFileType" = "sourcecode.swift"; "path" = "Sources/Wayfarer/GameDetailView.swift"; "sourceTree" = "SOURCE_ROOT"; };
35ECB0E985FD7BAB5CB68F9B = { "isa" = "PBXFileReference"; "lastKnownFileType" = "sourcecode.swift"; "path" = "Sources/Wayfarer/GamePerformanceView.swift"; "sourceTree" = "SOURCE_ROOT"; };
B10816859FD4E33889CC88C8 = { "isa" = "PBXFileReference"; "lastKnownFileType" = "sourcecode.swift"; "path" = "Sources/Wayfarer/GamePreferencesView.swift"; "sourceTree" = "SOURCE_ROOT"; };
3061C4DAED057EDBE6A40222 = { "isa" = "PBXFileReference"; "lastKnownFileType" = "sourcecode.swift"; "path" = "Sources/Wayfarer/HomeView.swift"; "sourceTree" = "SOURCE_ROOT"; };
1BF3418F86BFADC6F0611937 = { "isa" = "PBXFileReference"; "lastKnownFileType" = "sourcecode.swift"; "path" = "Sources/Wayfarer/LauncherModel.swift"; "sourceTree" = "SOURCE_ROOT"; };
315297D545E9177AEAED17A8 = { "isa" = "PBXFileReference"; "lastKnownFileType" = "sourcecode.swift"; "path" = "Sources/Wayfarer/LibraryView.swift"; "sourceTree" = "SOURCE_ROOT"; };
157215BCB6CCB3AE9B97B881 = { "isa" = "PBXFileReference"; "lastKnownFileType" = "sourcecode.swift"; "path" = "Sources/Wayfarer/NativeAppearance.swift"; "sourceTree" = "SOURCE_ROOT"; };
AD908536429F059B917912D7 = { "isa" = "PBXFileReference"; "lastKnownFileType" = "sourcecode.swift"; "path" = "Sources/Wayfarer/PlayFeatureViews.swift"; "sourceTree" = "SOURCE_ROOT"; };
2A8AB7F8E0E7DCBF82CAFE11 = { "isa" = "PBXFileReference"; "lastKnownFileType" = "sourcecode.swift"; "path" = "Sources/Wayfarer/QuickLauncherView.swift"; "sourceTree" = "SOURCE_ROOT"; };
7D706BD42334A96F9DB6A7E9 = { "isa" = "PBXFileReference"; "lastKnownFileType" = "sourcecode.c.h"; "path" = "Sources/Wayfarer/RemoteLayer.h"; "sourceTree" = "SOURCE_ROOT"; };
032C70B075705F27C6F82893 = { "isa" = "PBXFileReference"; "lastKnownFileType" = "sourcecode.c.objc"; "path" = "Sources/Wayfarer/RemoteLayer.m"; "sourceTree" = "SOURCE_ROOT"; };
254932011E57F65BB47DD012 = { "isa" = "PBXFileReference"; "lastKnownFileType" = "sourcecode.swift"; "path" = "Sources/Wayfarer/SessionSurfaceView.swift"; "sourceTree" = "SOURCE_ROOT"; };
27EEDF8806580B19AB418F60 = { "isa" = "PBXFileReference"; "lastKnownFileType" = "sourcecode.swift"; "path" = "Sources/Wayfarer/SessionView.swift"; "sourceTree" = "SOURCE_ROOT"; };
F9CFC47F9130302EDC7590F2 = { "isa" = "PBXFileReference"; "lastKnownFileType" = "sourcecode.swift"; "path" = "Sources/Wayfarer/SetupViews.swift"; "sourceTree" = "SOURCE_ROOT"; };
79EBBA3C90EE20F1D6BCC59E = { "isa" = "PBXFileReference"; "lastKnownFileType" = "sourcecode.swift"; "path" = "Sources/Wayfarer/SteamBackend.swift"; "sourceTree" = "SOURCE_ROOT"; };
639CAA1EDA7C40422155CE05 = { "isa" = "PBXFileReference"; "lastKnownFileType" = "sourcecode.swift"; "path" = "Sources/Wayfarer/SteamControlsView.swift"; "sourceTree" = "SOURCE_ROOT"; };
938F1A2085CEDE072ECAC7DE = { "isa" = "PBXFileReference"; "lastKnownFileType" = "sourcecode.swift"; "path" = "Sources/Wayfarer/SteamNotifications.swift"; "sourceTree" = "SOURCE_ROOT"; };
7A8F66E93C56FE37ED54860D = { "isa" = "PBXFileReference"; "lastKnownFileType" = "sourcecode.swift"; "path" = "Sources/Wayfarer/SteamSharedSurfaceView.swift"; "sourceTree" = "SOURCE_ROOT"; };
3CC51704C13370CB7E2DDC6F = { "isa" = "PBXFileReference"; "lastKnownFileType" = "sourcecode.swift"; "path" = "Sources/Wayfarer/SteamWindowPanel.swift"; "sourceTree" = "SOURCE_ROOT"; };
4A94B9AF0638E0C31AA7BC93 = { "isa" = "PBXFileReference"; "lastKnownFileType" = "sourcecode.swift"; "path" = "Sources/Wayfarer/SteamWindowPlacement.swift"; "sourceTree" = "SOURCE_ROOT"; };
B66215CF146F592C40FBCD52 = { "isa" = "PBXFileReference"; "lastKnownFileType" = "sourcecode.swift"; "path" = "Sources/Wayfarer/SteamWindowSession.swift"; "sourceTree" = "SOURCE_ROOT"; };
DBF95F66BD714B5C0FB10463 = { "isa" = "PBXFileReference"; "lastKnownFileType" = "sourcecode.swift"; "path" = "Sources/Wayfarer/UninstallGameView.swift"; "sourceTree" = "SOURCE_ROOT"; };
F2B30C24840AEE276DBBE853 = { "isa" = "PBXFileReference"; "lastKnownFileType" = "sourcecode.swift"; "path" = "Sources/Wayfarer/WayfarerApp.swift"; "sourceTree" = "SOURCE_ROOT"; };
741513760914D490652B054E = { "isa" = "PBXFileReference"; "lastKnownFileType" = "sourcecode.swift"; "path" = "Sources/Wayfarer/WindowsAppsView.swift"; "sourceTree" = "SOURCE_ROOT"; };
A7226BCDD5B8B83AA1CB6FBC = { "isa" = "PBXGroup"; "name" = "Wayfarer"; "children" = ( "EB557A5BA784EF4D86EA8F4B", "559A120CA676BC3F55D1B710", "3EA6A9F32F7BDD9FC5566264", "42D119F925B8C738D8B49223", "44C2E180BB94F7F6977B19F9", "4BE918E54DE87995A966E296", "2619EF96BD1C7BD07D0B5523", "8DBA33A06A2135CC9E8FE002", "3F49D95CBDE1EE6B4C05D4C3", "38A4544E25C392F39FEC7643", "8B36C5E3DCEF4A88AA46D7FF", "28348BF161D93597B41441DA", "7E90DB965A7E49D90CA566AD", "35ECB0E985FD7BAB5CB68F9B", "B10816859FD4E33889CC88C8", "3061C4DAED057EDBE6A40222", "1BF3418F86BFADC6F0611937", "315297D545E9177AEAED17A8", "157215BCB6CCB3AE9B97B881", "AD908536429F059B917912D7", "2A8AB7F8E0E7DCBF82CAFE11", "7D706BD42334A96F9DB6A7E9", "032C70B075705F27C6F82893", "254932011E57F65BB47DD012", "27EEDF8806580B19AB418F60", "F9CFC47F9130302EDC7590F2", "79EBBA3C90EE20F1D6BCC59E", "639CAA1EDA7C40422155CE05", "938F1A2085CEDE072ECAC7DE", "7A8F66E93C56FE37ED54860D", "3CC51704C13370CB7E2DDC6F", "4A94B9AF0638E0C31AA7BC93", "B66215CF146F592C40FBCD52", "DBF95F66BD714B5C0FB10463", "F2B30C24840AEE276DBBE853", "741513760914D490652B054E", ); "sourceTree" = "<group>"; };
274AD57091FF0F19EDAF80F9 = { "isa" = "PBXFileReference"; "lastKnownFileType" = "sourcecode.swift"; "path" = "Sources/WayfarerCore/BackendCoordinator.swift"; "sourceTree" = "SOURCE_ROOT"; };
3F0298D0733BAA73FBC0A279 = { "isa" = "PBXFileReference"; "lastKnownFileType" = "sourcecode.swift"; "path" = "Sources/WayfarerCore/BackgroundServices.swift"; "sourceTree" = "SOURCE_ROOT"; };
3B1DCFDCB08C24F2B19AF0B9 = { "isa" = "PBXFileReference"; "lastKnownFileType" = "sourcecode.swift"; "path" = "Sources/WayfarerCore/DiagnosticReport.swift"; "sourceTree" = "SOURCE_ROOT"; };
5A6B73695684611C25BD004B = { "isa" = "PBXFileReference"; "lastKnownFileType" = "sourcecode.swift"; "path" = "Sources/WayfarerCore/DownloadScheduler.swift"; "sourceTree" = "SOURCE_ROOT"; };
D1CBD966B811AB619144D4E3 = { "isa" = "PBXFileReference"; "lastKnownFileType" = "sourcecode.swift"; "path" = "Sources/WayfarerCore/GameLibrary.swift"; "sourceTree" = "SOURCE_ROOT"; };
54F9AECD3A5B76BE55AD0EFD = { "isa" = "PBXFileReference"; "lastKnownFileType" = "sourcecode.swift"; "path" = "Sources/WayfarerCore/GamePerformance.swift"; "sourceTree" = "SOURCE_ROOT"; };
EC74E95E23D0FAF72C2C1629 = { "isa" = "PBXFileReference"; "lastKnownFileType" = "sourcecode.swift"; "path" = "Sources/WayfarerCore/InstallCoordinator.swift"; "sourceTree" = "SOURCE_ROOT"; };
C815A47A40A62B8F6656F9FD = { "isa" = "PBXFileReference"; "lastKnownFileType" = "sourcecode.swift"; "path" = "Sources/WayfarerCore/LaunchCommand.swift"; "sourceTree" = "SOURCE_ROOT"; };
4199CDA66D169E1E9253B713 = { "isa" = "PBXFileReference"; "lastKnownFileType" = "sourcecode.swift"; "path" = "Sources/WayfarerCore/LibraryPreferences.swift"; "sourceTree" = "SOURCE_ROOT"; };
CBE06E3EEEEB4F89D9F5352B = { "isa" = "PBXFileReference"; "lastKnownFileType" = "sourcecode.swift"; "path" = "Sources/WayfarerCore/MaintenanceCoordinator.swift"; "sourceTree" = "SOURCE_ROOT"; };
EFF6C218B3A31FDB37A63FF6 = { "isa" = "PBXFileReference"; "lastKnownFileType" = "sourcecode.swift"; "path" = "Sources/WayfarerCore/Models.swift"; "sourceTree" = "SOURCE_ROOT"; };
5EE79FD61E4730E5D118684C = { "isa" = "PBXFileReference"; "lastKnownFileType" = "sourcecode.swift"; "path" = "Sources/WayfarerCore/NativeDisplayServer.swift"; "sourceTree" = "SOURCE_ROOT"; };
1948ED9C84AE54905B503748 = { "isa" = "PBXFileReference"; "lastKnownFileType" = "sourcecode.swift"; "path" = "Sources/WayfarerCore/NativeDisplayService.swift"; "sourceTree" = "SOURCE_ROOT"; };
3E1E4D053C1E7217463F650B = { "isa" = "PBXFileReference"; "lastKnownFileType" = "sourcecode.swift"; "path" = "Sources/WayfarerCore/NativeRuntime.swift"; "sourceTree" = "SOURCE_ROOT"; };
AC109DC0C498ABD4D4D62AD9 = { "isa" = "PBXFileReference"; "lastKnownFileType" = "sourcecode.swift"; "path" = "Sources/WayfarerCore/NativeWindowDescriptor.swift"; "sourceTree" = "SOURCE_ROOT"; };
EFC5ACE3A9955E178F9EDD07 = { "isa" = "PBXFileReference"; "lastKnownFileType" = "sourcecode.swift"; "path" = "Sources/WayfarerCore/PerformanceReports.swift"; "sourceTree" = "SOURCE_ROOT"; };
156A8D1EBEE26CAE8E05551D = { "isa" = "PBXFileReference"; "lastKnownFileType" = "sourcecode.swift"; "path" = "Sources/WayfarerCore/PlayFeatures.swift"; "sourceTree" = "SOURCE_ROOT"; };
751066123ED421F8C78F2632 = { "isa" = "PBXFileReference"; "lastKnownFileType" = "sourcecode.swift"; "path" = "Sources/WayfarerCore/ProcessRunner.swift"; "sourceTree" = "SOURCE_ROOT"; };
0EEFD03F4DE968FDDC91EE12 = { "isa" = "PBXFileReference"; "lastKnownFileType" = "sourcecode.swift"; "path" = "Sources/WayfarerCore/ProcessService.swift"; "sourceTree" = "SOURCE_ROOT"; };
D9923378C4B84E8C9CAB0AB0 = { "isa" = "PBXFileReference"; "lastKnownFileType" = "sourcecode.swift"; "path" = "Sources/WayfarerCore/RuntimeDiscovery.swift"; "sourceTree" = "SOURCE_ROOT"; };
FB1F7F2E9B068D1AFC3204EB = { "isa" = "PBXFileReference"; "lastKnownFileType" = "sourcecode.swift"; "path" = "Sources/WayfarerCore/RuntimeProcessIdentity.swift"; "sourceTree" = "SOURCE_ROOT"; };
FDA118F04AF1C632DA657882 = { "isa" = "PBXFileReference"; "lastKnownFileType" = "sourcecode.swift"; "path" = "Sources/WayfarerCore/RuntimeProcessService.swift"; "sourceTree" = "SOURCE_ROOT"; };
0C050EFE8AB27FD43CD7404A = { "isa" = "PBXFileReference"; "lastKnownFileType" = "sourcecode.swift"; "path" = "Sources/WayfarerCore/SaveBackupStore.swift"; "sourceTree" = "SOURCE_ROOT"; };
3033C645BFF466146678D6B5 = { "isa" = "PBXFileReference"; "lastKnownFileType" = "sourcecode.swift"; "path" = "Sources/WayfarerCore/SessionGeometry.swift"; "sourceTree" = "SOURCE_ROOT"; };
20B5AB1ACDD72EA21233D25B = { "isa" = "PBXFileReference"; "lastKnownFileType" = "sourcecode.swift"; "path" = "Sources/WayfarerCore/SessionMonitor.swift"; "sourceTree" = "SOURCE_ROOT"; };
E929CC5D62AF3DA3315E0426 = { "isa" = "PBXFileReference"; "lastKnownFileType" = "sourcecode.swift"; "path" = "Sources/WayfarerCore/SocialCoordinator.swift"; "sourceTree" = "SOURCE_ROOT"; };
5C2747BCD3AE07D70470E15C = { "isa" = "PBXFileReference"; "lastKnownFileType" = "sourcecode.swift"; "path" = "Sources/WayfarerCore/SteamAppInfo.swift"; "sourceTree" = "SOURCE_ROOT"; };
7AEFC7C58E018E7479D9BF4C = { "isa" = "PBXFileReference"; "lastKnownFileType" = "sourcecode.swift"; "path" = "Sources/WayfarerCore/SteamCatalog.swift"; "sourceTree" = "SOURCE_ROOT"; };
EF1B96B458DF21D4D87DBC0D = { "isa" = "PBXFileReference"; "lastKnownFileType" = "sourcecode.swift"; "path" = "Sources/WayfarerCore/SteamCatalogCache.swift"; "sourceTree" = "SOURCE_ROOT"; };
1663106953B64DDBFFF4C61D = { "isa" = "PBXFileReference"; "lastKnownFileType" = "sourcecode.swift"; "path" = "Sources/WayfarerCore/SteamControl.swift"; "sourceTree" = "SOURCE_ROOT"; };
6E572E554FD0B5E509250D53 = { "isa" = "PBXFileReference"; "lastKnownFileType" = "sourcecode.swift"; "path" = "Sources/WayfarerCore/SteamDownloadProgress.swift"; "sourceTree" = "SOURCE_ROOT"; };
77B361A836298CCB0806DD3F = { "isa" = "PBXFileReference"; "lastKnownFileType" = "sourcecode.swift"; "path" = "Sources/WayfarerCore/SteamFeatures.swift"; "sourceTree" = "SOURCE_ROOT"; };
BE69C45EA193D346EA6B4B91 = { "isa" = "PBXFileReference"; "lastKnownFileType" = "sourcecode.swift"; "path" = "Sources/WayfarerCore/SteamInstallDialogState.swift"; "sourceTree" = "SOURCE_ROOT"; };
3373830E561766D56CCF7507 = { "isa" = "PBXFileReference"; "lastKnownFileType" = "sourcecode.swift"; "path" = "Sources/WayfarerCore/SteamLibrary.swift"; "sourceTree" = "SOURCE_ROOT"; };
5B3804FD91B4FE2E5C9F1EF4 = { "isa" = "PBXFileReference"; "lastKnownFileType" = "sourcecode.swift"; "path" = "Sources/WayfarerCore/SteamMaintenanceScripts.swift"; "sourceTree" = "SOURCE_ROOT"; };
80B35CC3C0B08EF99F224907 = { "isa" = "PBXFileReference"; "lastKnownFileType" = "sourcecode.swift"; "path" = "Sources/WayfarerCore/SteamTransfer.swift"; "sourceTree" = "SOURCE_ROOT"; };
6E8EF32256EFC1D12018DBC7 = { "isa" = "PBXFileReference"; "lastKnownFileType" = "sourcecode.swift"; "path" = "Sources/WayfarerCore/SteamWorkflowControl.swift"; "sourceTree" = "SOURCE_ROOT"; };
9EBCFCE91F6FCD40D08DB32B = { "isa" = "PBXFileReference"; "lastKnownFileType" = "sourcecode.swift"; "path" = "Sources/WayfarerCore/StorageService.swift"; "sourceTree" = "SOURCE_ROOT"; };
2C35BB76491F4BB811FEEEAC = { "isa" = "PBXFileReference"; "lastKnownFileType" = "sourcecode.swift"; "path" = "Sources/WayfarerCore/WindowsAppRecovery.swift"; "sourceTree" = "SOURCE_ROOT"; };
896FEC999754A41757CBDCD7 = { "isa" = "PBXGroup"; "name" = "WayfarerCore"; "children" = ( "274AD57091FF0F19EDAF80F9", "3F0298D0733BAA73FBC0A279", "3B1DCFDCB08C24F2B19AF0B9", "5A6B73695684611C25BD004B", "D1CBD966B811AB619144D4E3", "54F9AECD3A5B76BE55AD0EFD", "EC74E95E23D0FAF72C2C1629", "C815A47A40A62B8F6656F9FD", "4199CDA66D169E1E9253B713", "CBE06E3EEEEB4F89D9F5352B", "EFF6C218B3A31FDB37A63FF6", "5EE79FD61E4730E5D118684C", "1948ED9C84AE54905B503748", "3E1E4D053C1E7217463F650B", "AC109DC0C498ABD4D4D62AD9", "EFC5ACE3A9955E178F9EDD07", "156A8D1EBEE26CAE8E05551D", "751066123ED421F8C78F2632", "0EEFD03F4DE968FDDC91EE12", "D9923378C4B84E8C9CAB0AB0", "FB1F7F2E9B068D1AFC3204EB", "FDA118F04AF1C632DA657882", "0C050EFE8AB27FD43CD7404A", "3033C645BFF466146678D6B5", "20B5AB1ACDD72EA21233D25B", "E929CC5D62AF3DA3315E0426", "5C2747BCD3AE07D70470E15C", "7AEFC7C58E018E7479D9BF4C", "EF1B96B458DF21D4D87DBC0D", "1663106953B64DDBFFF4C61D", "6E572E554FD0B5E509250D53", "77B361A836298CCB0806DD3F", "BE69C45EA193D346EA6B4B91", "3373830E561766D56CCF7507", "5B3804FD91B4FE2E5C9F1EF4", "80B35CC3C0B08EF99F224907", "6E8EF32256EFC1D12018DBC7", "9EBCFCE91F6FCD40D08DB32B", "2C35BB76491F4BB811FEEEAC", ); "sourceTree" = "<group>"; };
855925633AFA56FA48609B79 = { "isa" = "PBXFileReference"; "lastKnownFileType" = "sourcecode.swift"; "path" = "Tests/WayfarerCoreTests/BackgroundServiceTests.swift"; "sourceTree" = "SOURCE_ROOT"; };
76F4C4838B836C5D7C1D394A = { "isa" = "PBXFileReference"; "lastKnownFileType" = "sourcecode.swift"; "path" = "Tests/WayfarerCoreTests/FeatureTests.swift"; "sourceTree" = "SOURCE_ROOT"; };
70025F4BD2A4EBB4EB541648 = { "isa" = "PBXFileReference"; "lastKnownFileType" = "sourcecode.swift"; "path" = "Tests/WayfarerCoreTests/GameLibraryTests.swift"; "sourceTree" = "SOURCE_ROOT"; };
60BC7D0C27F487C5A2F2C0B2 = { "isa" = "PBXFileReference"; "lastKnownFileType" = "sourcecode.swift"; "path" = "Tests/WayfarerCoreTests/InstallationRecoveryTests.swift"; "sourceTree" = "SOURCE_ROOT"; };
BF016FA3EDAB980D405056C0 = { "isa" = "PBXFileReference"; "lastKnownFileType" = "sourcecode.swift"; "path" = "Tests/WayfarerCoreTests/NativeDisplayTests.swift"; "sourceTree" = "SOURCE_ROOT"; };
1CC288E1D53F9A15AEFFD2F8 = { "isa" = "PBXFileReference"; "lastKnownFileType" = "sourcecode.swift"; "path" = "Tests/WayfarerCoreTests/PerformanceTests.swift"; "sourceTree" = "SOURCE_ROOT"; };
31F95ED6864C30D07DF4D550 = { "isa" = "PBXFileReference"; "lastKnownFileType" = "sourcecode.swift"; "path" = "Tests/WayfarerCoreTests/PlayFeaturesTests.swift"; "sourceTree" = "SOURCE_ROOT"; };
BED0CB9462BB4DC184B279B7 = { "isa" = "PBXFileReference"; "lastKnownFileType" = "sourcecode.swift"; "path" = "Tests/WayfarerCoreTests/RuntimeTests.swift"; "sourceTree" = "SOURCE_ROOT"; };
1017ED4C3E8FAB860FC69557 = { "isa" = "PBXFileReference"; "lastKnownFileType" = "sourcecode.swift"; "path" = "Tests/WayfarerCoreTests/SessionTests.swift"; "sourceTree" = "SOURCE_ROOT"; };
8833400EFF19992239E52BD1 = { "isa" = "PBXFileReference"; "lastKnownFileType" = "sourcecode.swift"; "path" = "Tests/WayfarerCoreTests/SteamCatalogCacheTests.swift"; "sourceTree" = "SOURCE_ROOT"; };
B251B0B47E9E7E978AC49DD5 = { "isa" = "PBXFileReference"; "lastKnownFileType" = "sourcecode.swift"; "path" = "Tests/WayfarerCoreTests/SteamCatalogTests.swift"; "sourceTree" = "SOURCE_ROOT"; };
338315855A96542BA4618DC8 = { "isa" = "PBXFileReference"; "lastKnownFileType" = "sourcecode.swift"; "path" = "Tests/WayfarerCoreTests/SteamClientTests.swift"; "sourceTree" = "SOURCE_ROOT"; };
BB3D400E895BDA249EF6A1B5 = { "isa" = "PBXFileReference"; "lastKnownFileType" = "sourcecode.swift"; "path" = "Tests/WayfarerCoreTests/SteamControlTests.swift"; "sourceTree" = "SOURCE_ROOT"; };
E25CE1985EACB696C35A9609 = { "isa" = "PBXFileReference"; "lastKnownFileType" = "sourcecode.swift"; "path" = "Tests/WayfarerCoreTests/WindowsAppRecoveryTests.swift"; "sourceTree" = "SOURCE_ROOT"; };
BDD2A5D85845CC9210724D8D = { "isa" = "PBXFileReference"; "lastKnownFileType" = "sourcecode.swift"; "path" = "Tests/WayfarerCoreTests/WorkflowCoordinatorTests.swift"; "sourceTree" = "SOURCE_ROOT"; };
840FE6901F12E18AE54FD283 = { "isa" = "PBXGroup"; "name" = "WayfarerCoreTests"; "children" = ( "855925633AFA56FA48609B79", "76F4C4838B836C5D7C1D394A", "70025F4BD2A4EBB4EB541648", "60BC7D0C27F487C5A2F2C0B2", "BF016FA3EDAB980D405056C0", "1CC288E1D53F9A15AEFFD2F8", "31F95ED6864C30D07DF4D550", "BED0CB9462BB4DC184B279B7", "1017ED4C3E8FAB860FC69557", "8833400EFF19992239E52BD1", "B251B0B47E9E7E978AC49DD5", "338315855A96542BA4618DC8", "BB3D400E895BDA249EF6A1B5", "E25CE1985EACB696C35A9609", "BDD2A5D85845CC9210724D8D", ); "sourceTree" = "<group>"; };
E9078D9A5BA900C87198418E = { "isa" = "PBXFileReference"; "lastKnownFileType" = "sourcecode.c.objc"; "path" = "Sources/WayfarerNative/SteamBackend.m"; "sourceTree" = "SOURCE_ROOT"; };
AC9D453E587C1432D140C34F = { "isa" = "PBXFileReference"; "lastKnownFileType" = "sourcecode.c.objc"; "path" = "Sources/WayfarerNative/WineDisplay.m"; "sourceTree" = "SOURCE_ROOT"; };
BE1CF9F2A060A66EEC7C4A10 = { "isa" = "PBXGroup"; "name" = "WayfarerNative"; "children" = ( "E9078D9A5BA900C87198418E", "AC9D453E587C1432D140C34F", ); "sourceTree" = "<group>"; };
9AC3B5AD93CBC0305C62F78F = { "isa" = "PBXFileReference"; "lastKnownFileType" = "text.plist.xml"; "path" = "Info.plist"; "sourceTree" = "SOURCE_ROOT"; };
B335630551682C19A781AFEB = { "isa" = "PBXFileReference"; "lastKnownFileType" = "net.daringfireball.markdown"; "path" = "README.md"; "sourceTree" = "SOURCE_ROOT"; };
ECA12C0A30E25B4B46522EBF = { "isa" = "PBXFileReference"; "lastKnownFileType" = "net.daringfireball.markdown"; "path" = "CONTRIBUTING.md"; "sourceTree" = "SOURCE_ROOT"; };
C693279643B8CD5D248172D9 = { "isa" = "PBXFileReference"; "lastKnownFileType" = "text"; "path" = "LICENSE"; "sourceTree" = "SOURCE_ROOT"; };
DFB14FBB9E7D095209EC4CFD = { "isa" = "PBXFileReference"; "lastKnownFileType" = "text"; "path" = "NOTICE"; "sourceTree" = "SOURCE_ROOT"; };
F5AE27228AC34400DE4A3768 = { "isa" = "PBXFileReference"; "explicitFileType" = "archive.ar"; "path" = "libWayfarerCore.a"; "sourceTree" = "BUILT_PRODUCTS_DIR"; };
681C948D238C526E9E3424E0 = { "isa" = "PBXFileReference"; "explicitFileType" = "wrapper.application"; "path" = "Wayfarer.app"; "sourceTree" = "BUILT_PRODUCTS_DIR"; };
F739566ED5280322FF98A798 = { "isa" = "PBXFileReference"; "explicitFileType" = "wrapper.cfbundle"; "path" = "WayfarerCoreTests.xctest"; "sourceTree" = "BUILT_PRODUCTS_DIR"; };
FF410B6C99A4EDE1DF5D68E3 = { "isa" = "PBXFileReference"; "explicitFileType" = "compiled.mach-o.dylib"; "path" = "libWayfarerWineDisplay.dylib"; "sourceTree" = "BUILT_PRODUCTS_DIR"; };
0A3E27B8CA818264D75C8D81 = { "isa" = "PBXGroup"; "name" = "Products"; "children" = ( "681C948D238C526E9E3424E0", "F5AE27228AC34400DE4A3768", "F739566ED5280322FF98A798", "FF410B6C99A4EDE1DF5D68E3", ); "sourceTree" = "<group>"; };
8BF729FFE074CAEE622C0292 = { "isa" = "PBXFileReference"; "lastKnownFileType" = "folder.assetcatalog"; "path" = "Assets.xcassets"; "sourceTree" = "SOURCE_ROOT"; };
19F479106CE8C3BA8C106518 = { "isa" = "PBXGroup"; "children" = ( "A7226BCDD5B8B83AA1CB6FBC", "896FEC999754A41757CBDCD7", "840FE6901F12E18AE54FD283", "BE1CF9F2A060A66EEC7C4A10", "8BF729FFE074CAEE622C0292", "9AC3B5AD93CBC0305C62F78F", "B335630551682C19A781AFEB", "ECA12C0A30E25B4B46522EBF", "C693279643B8CD5D248172D9", "DFB14FBB9E7D095209EC4CFD", "0A3E27B8CA818264D75C8D81", ); "sourceTree" = "<group>"; };
09AA38CEF3EA53936A20C858 = { "isa" = "XCBuildConfiguration"; "name" = "Debug"; "buildSettings" = { "MACOSX_DEPLOYMENT_TARGET" = "13.0"; "SWIFT_VERSION" = "6.0"; "SWIFT_STRICT_CONCURRENCY" = "complete"; "CLANG_ENABLE_MODULES" = "YES"; "SDKROOT" = "macosx"; "CODE_SIGN_STYLE" = "Automatic"; "CODE_SIGN_IDENTITY" = "-"; "DEVELOPMENT_TEAM" = ""; "ENABLE_USER_SCRIPT_SANDBOXING" = "YES"; "SWIFT_INCLUDE_PATHS" = "$(inherited) $(BUILT_PRODUCTS_DIR)"; "MARKETING_VERSION" = "0.1.0"; "CURRENT_PROJECT_VERSION" = "1"; "SWIFT_OPTIMIZATION_LEVEL" = "-Onone"; "SWIFT_ACTIVE_COMPILATION_CONDITIONS" = "DEBUG $(inherited)"; "ENABLE_TESTABILITY" = "YES"; }; };
2C51B24F1BD0E37CCD3A85CD = { "isa" = "XCBuildConfiguration"; "name" = "Release"; "buildSettings" = { "MACOSX_DEPLOYMENT_TARGET" = "13.0"; "SWIFT_VERSION" = "6.0"; "SWIFT_STRICT_CONCURRENCY" = "complete"; "CLANG_ENABLE_MODULES" = "YES"; "SDKROOT" = "macosx"; "CODE_SIGN_STYLE" = "Automatic"; "CODE_SIGN_IDENTITY" = "-"; "DEVELOPMENT_TEAM" = ""; "ENABLE_USER_SCRIPT_SANDBOXING" = "YES"; "SWIFT_INCLUDE_PATHS" = "$(inherited) $(BUILT_PRODUCTS_DIR)"; "MARKETING_VERSION" = "0.1.0"; "CURRENT_PROJECT_VERSION" = "1"; "SWIFT_OPTIMIZATION_LEVEL" = "-O"; }; };
1E4B6209DBC7689E3E7CF89C = { "isa" = "XCConfigurationList"; "buildConfigurations" = ( "09AA38CEF3EA53936A20C858", "2C51B24F1BD0E37CCD3A85CD", ); "defaultConfigurationIsVisible" = "0"; "defaultConfigurationName" = "Release"; };
77078752F52FD2A58C076894 = { "isa" = "PBXBuildFile"; "fileRef" = "274AD57091FF0F19EDAF80F9"; };
CF557DB63E61BDBCF5C8CE16 = { "isa" = "PBXBuildFile"; "fileRef" = "3F0298D0733BAA73FBC0A279"; };
0816CDFA23F8B9D3ACB40870 = { "isa" = "PBXBuildFile"; "fileRef" = "3B1DCFDCB08C24F2B19AF0B9"; };
8A93B0C643CA4319D6F63BB7 = { "isa" = "PBXBuildFile"; "fileRef" = "5A6B73695684611C25BD004B"; };
F89A7993316E343CDCE7D90A = { "isa" = "PBXBuildFile"; "fileRef" = "D1CBD966B811AB619144D4E3"; };
7BA215509907010E6AAB0932 = { "isa" = "PBXBuildFile"; "fileRef" = "54F9AECD3A5B76BE55AD0EFD"; };
31F09C9C18C65B2F8C3086ED = { "isa" = "PBXBuildFile"; "fileRef" = "EC74E95E23D0FAF72C2C1629"; };
81C2A41766F54BB648118E4A = { "isa" = "PBXBuildFile"; "fileRef" = "C815A47A40A62B8F6656F9FD"; };
9700AAD66B2B978230229349 = { "isa" = "PBXBuildFile"; "fileRef" = "4199CDA66D169E1E9253B713"; };
15107ABC0D113017F63A4F80 = { "isa" = "PBXBuildFile"; "fileRef" = "CBE06E3EEEEB4F89D9F5352B"; };
63B49254140C367DAC34AB66 = { "isa" = "PBXBuildFile"; "fileRef" = "EFF6C218B3A31FDB37A63FF6"; };
4838ABABDA597FE8CB0FA27D = { "isa" = "PBXBuildFile"; "fileRef" = "5EE79FD61E4730E5D118684C"; };
ACBB58B1B8F95F2583EE324E = { "isa" = "PBXBuildFile"; "fileRef" = "1948ED9C84AE54905B503748"; };
25FF5011833484CCB0892496 = { "isa" = "PBXBuildFile"; "fileRef" = "3E1E4D053C1E7217463F650B"; };
B08654184CB61CA84D78B7F6 = { "isa" = "PBXBuildFile"; "fileRef" = "AC109DC0C498ABD4D4D62AD9"; };
1C0B5E1FA048C8573E2F6934 = { "isa" = "PBXBuildFile"; "fileRef" = "EFC5ACE3A9955E178F9EDD07"; };
44173B9951B4F17D840ED2D5 = { "isa" = "PBXBuildFile"; "fileRef" = "156A8D1EBEE26CAE8E05551D"; };
2993F1ABD6E98F80525FAF9B = { "isa" = "PBXBuildFile"; "fileRef" = "751066123ED421F8C78F2632"; };
38CB3650EB8517630D8C28F2 = { "isa" = "PBXBuildFile"; "fileRef" = "0EEFD03F4DE968FDDC91EE12"; };
9B99298B0B4C30349E4D145F = { "isa" = "PBXBuildFile"; "fileRef" = "D9923378C4B84E8C9CAB0AB0"; };
79756590BA09A054FAFE5C95 = { "isa" = "PBXBuildFile"; "fileRef" = "FB1F7F2E9B068D1AFC3204EB"; };
E24D69741861795105994AAE = { "isa" = "PBXBuildFile"; "fileRef" = "FDA118F04AF1C632DA657882"; };
42D633F3DFF01B89B845892D = { "isa" = "PBXBuildFile"; "fileRef" = "0C050EFE8AB27FD43CD7404A"; };
FE0A1653E60AE0E07413136F = { "isa" = "PBXBuildFile"; "fileRef" = "3033C645BFF466146678D6B5"; };
9F3EC29FB013FB567FF57272 = { "isa" = "PBXBuildFile"; "fileRef" = "20B5AB1ACDD72EA21233D25B"; };
9C91E598B7E941EDC5FD387E = { "isa" = "PBXBuildFile"; "fileRef" = "E929CC5D62AF3DA3315E0426"; };
D3C6B63E2A061DEA9530DB85 = { "isa" = "PBXBuildFile"; "fileRef" = "5C2747BCD3AE07D70470E15C"; };
23077B3843B79B9F53BF7D21 = { "isa" = "PBXBuildFile"; "fileRef" = "7AEFC7C58E018E7479D9BF4C"; };
BCD90311237A2FCB33199195 = { "isa" = "PBXBuildFile"; "fileRef" = "EF1B96B458DF21D4D87DBC0D"; };
247B7FCA5C57FB9D95D74875 = { "isa" = "PBXBuildFile"; "fileRef" = "1663106953B64DDBFFF4C61D"; };
4DB93D0721AB9D46439EC886 = { "isa" = "PBXBuildFile"; "fileRef" = "6E572E554FD0B5E509250D53"; };
37C2A6049C725D161CF2363C = { "isa" = "PBXBuildFile"; "fileRef" = "77B361A836298CCB0806DD3F"; };
634DEEEBF2C59BF2CF8EEF14 = { "isa" = "PBXBuildFile"; "fileRef" = "BE69C45EA193D346EA6B4B91"; };
525DC095D75A81AF0DC2E940 = { "isa" = "PBXBuildFile"; "fileRef" = "3373830E561766D56CCF7507"; };
F9B53B153EE44FCBA21FAEB8 = { "isa" = "PBXBuildFile"; "fileRef" = "5B3804FD91B4FE2E5C9F1EF4"; };
E61B39B4A60793A6CAF16303 = { "isa" = "PBXBuildFile"; "fileRef" = "80B35CC3C0B08EF99F224907"; };
7F370433631367D2CCE5BCC1 = { "isa" = "PBXBuildFile"; "fileRef" = "6E8EF32256EFC1D12018DBC7"; };
EF3C9D7F02A7F0F19EBEEADF = { "isa" = "PBXBuildFile"; "fileRef" = "9EBCFCE91F6FCD40D08DB32B"; };
9819688EDC873DC66677DCA3 = { "isa" = "PBXBuildFile"; "fileRef" = "2C35BB76491F4BB811FEEEAC"; };
163EA6263E49B8AF2BB29659 = { "isa" = "PBXSourcesBuildPhase"; "buildActionMask" = "2147483647"; "files" = ( "77078752F52FD2A58C076894", "CF557DB63E61BDBCF5C8CE16", "0816CDFA23F8B9D3ACB40870", "8A93B0C643CA4319D6F63BB7", "F89A7993316E343CDCE7D90A", "7BA215509907010E6AAB0932", "31F09C9C18C65B2F8C3086ED", "81C2A41766F54BB648118E4A", "9700AAD66B2B978230229349", "15107ABC0D113017F63A4F80", "63B49254140C367DAC34AB66", "4838ABABDA597FE8CB0FA27D", "ACBB58B1B8F95F2583EE324E", "25FF5011833484CCB0892496", "B08654184CB61CA84D78B7F6", "1C0B5E1FA048C8573E2F6934", "44173B9951B4F17D840ED2D5", "2993F1ABD6E98F80525FAF9B", "38CB3650EB8517630D8C28F2", "9B99298B0B4C30349E4D145F", "79756590BA09A054FAFE5C95", "E24D69741861795105994AAE", "42D633F3DFF01B89B845892D", "FE0A1653E60AE0E07413136F", "9F3EC29FB013FB567FF57272", "9C91E598B7E941EDC5FD387E", "D3C6B63E2A061DEA9530DB85", "23077B3843B79B9F53BF7D21", "BCD90311237A2FCB33199195", "247B7FCA5C57FB9D95D74875", "4DB93D0721AB9D46439EC886", "37C2A6049C725D161CF2363C", "634DEEEBF2C59BF2CF8EEF14", "525DC095D75A81AF0DC2E940", "F9B53B153EE44FCBA21FAEB8", "E61B39B4A60793A6CAF16303", "7F370433631367D2CCE5BCC1", "EF3C9D7F02A7F0F19EBEEADF", "9819688EDC873DC66677DCA3", ); "runOnlyForDeploymentPostprocessing" = "0"; };
4B6DB1692099C1BF11E79210 = { "isa" = "PBXFrameworksBuildPhase"; "buildActionMask" = "2147483647"; "files" = ( ); "runOnlyForDeploymentPostprocessing" = "0"; };
CA591010C111984D2183771A = { "isa" = "XCBuildConfiguration"; "name" = "Debug"; "buildSettings" = { "PRODUCT_NAME" = "$(TARGET_NAME)"; "DEFINES_MODULE" = "YES"; "SKIP_INSTALL" = "YES"; "SWIFT_OPTIMIZATION_LEVEL" = "-Onone"; "SWIFT_ACTIVE_COMPILATION_CONDITIONS" = "DEBUG $(inherited)"; "ENABLE_TESTABILITY" = "YES"; }; };
A729171D79F0FFA30789FF7A = { "isa" = "XCBuildConfiguration"; "name" = "Release"; "buildSettings" = { "PRODUCT_NAME" = "$(TARGET_NAME)"; "DEFINES_MODULE" = "YES"; "SKIP_INSTALL" = "YES"; "SWIFT_OPTIMIZATION_LEVEL" = "-O"; }; };
28404835A7A68DAF4725A353 = { "isa" = "XCConfigurationList"; "buildConfigurations" = ( "CA591010C111984D2183771A", "A729171D79F0FFA30789FF7A", ); "defaultConfigurationIsVisible" = "0"; "defaultConfigurationName" = "Release"; };
25E3460655BEFB411149C858 = { "isa" = "PBXNativeTarget"; "name" = "WayfarerCore"; "productName" = "WayfarerCore"; "productReference" = "F5AE27228AC34400DE4A3768"; "productType" = "com.apple.product-type.library.static"; "buildPhases" = ( "163EA6263E49B8AF2BB29659", "4B6DB1692099C1BF11E79210", ); "buildRules" = ( ); "dependencies" = ( ); "buildConfigurationList" = "28404835A7A68DAF4725A353"; };
F510858C9824A3028908F70D = { "isa" = "PBXContainerItemProxy"; "containerPortal" = "244210E48437B6556980A702"; "proxyType" = "1"; "remoteGlobalIDString" = "25E3460655BEFB411149C858"; "remoteInfo" = "WayfarerCore"; };
4CEAD19CA19EBCB5DADF2A14 = { "isa" = "PBXTargetDependency"; "target" = "25E3460655BEFB411149C858"; "targetProxy" = "F510858C9824A3028908F70D"; };
5E483265A6EBD7A36CC3857E = { "isa" = "PBXBuildFile"; "fileRef" = "E9078D9A5BA900C87198418E"; };
ED894E4D9BB4F85955390FC1 = { "isa" = "PBXBuildFile"; "fileRef" = "AC9D453E587C1432D140C34F"; };
2A1C080CCDEFCE460CAB8627 = { "isa" = "PBXSourcesBuildPhase"; "buildActionMask" = "2147483647"; "files" = ( "5E483265A6EBD7A36CC3857E", "ED894E4D9BB4F85955390FC1", ); "runOnlyForDeploymentPostprocessing" = "0"; };
64F8205126A6AFD501ABD4E3 = { "isa" = "PBXFrameworksBuildPhase"; "buildActionMask" = "2147483647"; "files" = ( ); "runOnlyForDeploymentPostprocessing" = "0"; };
9AFC0937B24A8F2C9E0BD802 = { "isa" = "XCBuildConfiguration"; "name" = "Debug"; "buildSettings" = { "PRODUCT_NAME" = "WayfarerWineDisplay"; "EXECUTABLE_PREFIX" = "lib"; "CLANG_ENABLE_OBJC_ARC" = "YES"; "ARCHS" = "arm64 x86_64"; "ONLY_ACTIVE_ARCH" = "NO"; "OTHER_LDFLAGS" = "$(inherited) -framework Cocoa -framework ApplicationServices -framework QuartzCore -framework OpenGL -framework IOSurface"; "ENABLE_HARDENED_RUNTIME" = "NO"; "SKIP_INSTALL" = "YES"; "DYLIB_INSTALL_NAME_BASE" = "@rpath"; "SWIFT_OPTIMIZATION_LEVEL" = "-Onone"; "SWIFT_ACTIVE_COMPILATION_CONDITIONS" = "DEBUG $(inherited)"; "ENABLE_TESTABILITY" = "YES"; }; };
9134ED2DB6389F7C7282C754 = { "isa" = "XCBuildConfiguration"; "name" = "Release"; "buildSettings" = { "PRODUCT_NAME" = "WayfarerWineDisplay"; "EXECUTABLE_PREFIX" = "lib"; "CLANG_ENABLE_OBJC_ARC" = "YES"; "ARCHS" = "arm64 x86_64"; "ONLY_ACTIVE_ARCH" = "NO"; "OTHER_LDFLAGS" = "$(inherited) -framework Cocoa -framework ApplicationServices -framework QuartzCore -framework OpenGL -framework IOSurface"; "ENABLE_HARDENED_RUNTIME" = "NO"; "SKIP_INSTALL" = "YES"; "DYLIB_INSTALL_NAME_BASE" = "@rpath"; "SWIFT_OPTIMIZATION_LEVEL" = "-O"; }; };
0F6FA6AEC48EE30AE2890797 = { "isa" = "XCConfigurationList"; "buildConfigurations" = ( "9AFC0937B24A8F2C9E0BD802", "9134ED2DB6389F7C7282C754", ); "defaultConfigurationIsVisible" = "0"; "defaultConfigurationName" = "Release"; };
D7D71A3426134CC3479C3C50 = { "isa" = "PBXNativeTarget"; "name" = "WayfarerWineDisplay"; "productName" = "WayfarerWineDisplay"; "productReference" = "FF410B6C99A4EDE1DF5D68E3"; "productType" = "com.apple.product-type.library.dynamic"; "buildPhases" = ( "2A1C080CCDEFCE460CAB8627", "64F8205126A6AFD501ABD4E3", ); "buildRules" = ( ); "dependencies" = ( ); "buildConfigurationList" = "0F6FA6AEC48EE30AE2890797"; };
E921CA63984EE01BB60B3DBF = { "isa" = "PBXContainerItemProxy"; "containerPortal" = "244210E48437B6556980A702"; "proxyType" = "1"; "remoteGlobalIDString" = "D7D71A3426134CC3479C3C50"; "remoteInfo" = "WayfarerWineDisplay"; };
9272F92DC104FD3DBC080666 = { "isa" = "PBXTargetDependency"; "target" = "D7D71A3426134CC3479C3C50"; "targetProxy" = "E921CA63984EE01BB60B3DBF"; };
C17379FA6C1CC179405429EB = { "isa" = "PBXBuildFile"; "fileRef" = "FF410B6C99A4EDE1DF5D68E3"; "settings" = { "ATTRIBUTES" = ( "CodeSignOnCopy", ); }; };
78420BE6AEAF600779341E5E = { "isa" = "PBXCopyFilesBuildPhase"; "buildActionMask" = "2147483647"; "dstPath" = ""; "dstSubfolderSpec" = "10"; "files" = ( "C17379FA6C1CC179405429EB", ); "runOnlyForDeploymentPostprocessing" = "0"; };
B847A60BD85026329E4E799B = { "isa" = "PBXBuildFile"; "fileRef" = "8BF729FFE074CAEE622C0292"; };
5E7B5A7F858E07A1D0472984 = { "isa" = "PBXBuildFile"; "fileRef" = "C693279643B8CD5D248172D9"; };
D0FD6E7B2ECFFF7694A945E7 = { "isa" = "PBXBuildFile"; "fileRef" = "DFB14FBB9E7D095209EC4CFD"; };
0243DE6283AFEB6EFDD2B1F3 = { "isa" = "PBXResourcesBuildPhase"; "buildActionMask" = "2147483647"; "files" = ( "B847A60BD85026329E4E799B", "5E7B5A7F858E07A1D0472984", "D0FD6E7B2ECFFF7694A945E7", ); "runOnlyForDeploymentPostprocessing" = "0"; };
983FEAE8207922E4DA6F2BB5 = { "isa" = "PBXBuildFile"; "fileRef" = "EB557A5BA784EF4D86EA8F4B"; };
78DC6F804A675A7AE6277D83 = { "isa" = "PBXBuildFile"; "fileRef" = "559A120CA676BC3F55D1B710"; };
B8869A3479A70AC65B746BAD = { "isa" = "PBXBuildFile"; "fileRef" = "3EA6A9F32F7BDD9FC5566264"; };
7F8A12739A73ED5ACECCB070 = { "isa" = "PBXBuildFile"; "fileRef" = "42D119F925B8C738D8B49223"; };
BAC027B0E27E2C4C578D1B12 = { "isa" = "PBXBuildFile"; "fileRef" = "44C2E180BB94F7F6977B19F9"; };
2BCC3FC39A2B533F5D1D1DD2 = { "isa" = "PBXBuildFile"; "fileRef" = "4BE918E54DE87995A966E296"; };
97625F4EF41B7CBF32530B3D = { "isa" = "PBXBuildFile"; "fileRef" = "2619EF96BD1C7BD07D0B5523"; };
8E3A38AE55B6B70AA842B776 = { "isa" = "PBXBuildFile"; "fileRef" = "8DBA33A06A2135CC9E8FE002"; };
985A079EB378FD2CF46FB410 = { "isa" = "PBXBuildFile"; "fileRef" = "3F49D95CBDE1EE6B4C05D4C3"; };
7CC0EF1EF5F869B85B080BDF = { "isa" = "PBXBuildFile"; "fileRef" = "38A4544E25C392F39FEC7643"; };
6444F74C235059E7122ABE6E = { "isa" = "PBXBuildFile"; "fileRef" = "8B36C5E3DCEF4A88AA46D7FF"; };
CE98B7C87E2DA942579E1636 = { "isa" = "PBXBuildFile"; "fileRef" = "28348BF161D93597B41441DA"; };
98C68F65D493393C77482DC9 = { "isa" = "PBXBuildFile"; "fileRef" = "7E90DB965A7E49D90CA566AD"; };
6252D055A67EA16236722B3C = { "isa" = "PBXBuildFile"; "fileRef" = "35ECB0E985FD7BAB5CB68F9B"; };
3E91946E5EBA6498EE99B3F7 = { "isa" = "PBXBuildFile"; "fileRef" = "B10816859FD4E33889CC88C8"; };
D90C23AA1F5517E4951C13CA = { "isa" = "PBXBuildFile"; "fileRef" = "3061C4DAED057EDBE6A40222"; };
EC6DF2406AFAE01D2BB68CC0 = { "isa" = "PBXBuildFile"; "fileRef" = "1BF3418F86BFADC6F0611937"; };
B092859EDBF31E165FBD4908 = { "isa" = "PBXBuildFile"; "fileRef" = "315297D545E9177AEAED17A8"; };
2B02D5C0236AD747D4F84D86 = { "isa" = "PBXBuildFile"; "fileRef" = "157215BCB6CCB3AE9B97B881"; };
F79589B83FD8A6B68421D797 = { "isa" = "PBXBuildFile"; "fileRef" = "AD908536429F059B917912D7"; };
CAE2C10FE74FA971CBA4B371 = { "isa" = "PBXBuildFile"; "fileRef" = "2A8AB7F8E0E7DCBF82CAFE11"; };
1F0AAF0C046A7282F5F63615 = { "isa" = "PBXBuildFile"; "fileRef" = "032C70B075705F27C6F82893"; };
10374009D0F3950F2023AD17 = { "isa" = "PBXBuildFile"; "fileRef" = "254932011E57F65BB47DD012"; };
24BF2ADA3CD5E759DA80D1B9 = { "isa" = "PBXBuildFile"; "fileRef" = "27EEDF8806580B19AB418F60"; };
FE74CF9E42D3ED8EBB1AA967 = { "isa" = "PBXBuildFile"; "fileRef" = "F9CFC47F9130302EDC7590F2"; };
5E666470EFFF5D1BA9B23BBE = { "isa" = "PBXBuildFile"; "fileRef" = "79EBBA3C90EE20F1D6BCC59E"; };
AF3B68277722D80373392D0E = { "isa" = "PBXBuildFile"; "fileRef" = "639CAA1EDA7C40422155CE05"; };
A0FAFBB4B50ECF539BD3B2FA = { "isa" = "PBXBuildFile"; "fileRef" = "938F1A2085CEDE072ECAC7DE"; };
E3A5ECDDF474F2719610001A = { "isa" = "PBXBuildFile"; "fileRef" = "7A8F66E93C56FE37ED54860D"; };
71A42BC957A55974016F9691 = { "isa" = "PBXBuildFile"; "fileRef" = "3CC51704C13370CB7E2DDC6F"; };
B06F2F9864D84FC49239888B = { "isa" = "PBXBuildFile"; "fileRef" = "4A94B9AF0638E0C31AA7BC93"; };
2A68547C84E616933E5C49AF = { "isa" = "PBXBuildFile"; "fileRef" = "B66215CF146F592C40FBCD52"; };
C8A5C42228356ED872EBAC9E = { "isa" = "PBXBuildFile"; "fileRef" = "DBF95F66BD714B5C0FB10463"; };
67C3D57E89083C83D160AC2A = { "isa" = "PBXBuildFile"; "fileRef" = "F2B30C24840AEE276DBBE853"; };
5557F8A50ADA9255C8D1B3F6 = { "isa" = "PBXBuildFile"; "fileRef" = "741513760914D490652B054E"; };
6F77D3785F2EEC1E72A218DC = { "isa" = "PBXSourcesBuildPhase"; "buildActionMask" = "2147483647"; "files" = ( "983FEAE8207922E4DA6F2BB5", "78DC6F804A675A7AE6277D83", "B8869A3479A70AC65B746BAD", "7F8A12739A73ED5ACECCB070", "BAC027B0E27E2C4C578D1B12", "2BCC3FC39A2B533F5D1D1DD2", "97625F4EF41B7CBF32530B3D", "8E3A38AE55B6B70AA842B776", "985A079EB378FD2CF46FB410", "7CC0EF1EF5F869B85B080BDF", "6444F74C235059E7122ABE6E", "CE98B7C87E2DA942579E1636", "98C68F65D493393C77482DC9", "6252D055A67EA16236722B3C", "3E91946E5EBA6498EE99B3F7", "D90C23AA1F5517E4951C13CA", "EC6DF2406AFAE01D2BB68CC0", "B092859EDBF31E165FBD4908", "2B02D5C0236AD747D4F84D86", "F79589B83FD8A6B68421D797", "CAE2C10FE74FA971CBA4B371", "1F0AAF0C046A7282F5F63615", "10374009D0F3950F2023AD17", "24BF2ADA3CD5E759DA80D1B9", "FE74CF9E42D3ED8EBB1AA967", "5E666470EFFF5D1BA9B23BBE", "AF3B68277722D80373392D0E", "A0FAFBB4B50ECF539BD3B2FA", "E3A5ECDDF474F2719610001A", "71A42BC957A55974016F9691", "B06F2F9864D84FC49239888B", "2A68547C84E616933E5C49AF", "C8A5C42228356ED872EBAC9E", "67C3D57E89083C83D160AC2A", "5557F8A50ADA9255C8D1B3F6", ); "runOnlyForDeploymentPostprocessing" = "0"; };
A15A6CBB927DB9D206A719A0 = { "isa" = "PBXBuildFile"; "fileRef" = "F5AE27228AC34400DE4A3768"; };
F3DC3E91A8687A5CB81076F4 = { "isa" = "PBXFrameworksBuildPhase"; "buildActionMask" = "2147483647"; "files" = ( "A15A6CBB927DB9D206A719A0", ); "runOnlyForDeploymentPostprocessing" = "0"; };
702A057C813F700DC90695F1 = { "isa" = "XCBuildConfiguration"; "name" = "Debug"; "buildSettings" = { "PRODUCT_NAME" = "$(TARGET_NAME)"; "PRODUCT_BUNDLE_IDENTIFIER" = "app.wayfarer.mac"; "INFOPLIST_FILE" = "Info.plist"; "SWIFT_OBJC_BRIDGING_HEADER" = "Sources/Wayfarer/RemoteLayer.h"; "CLANG_ENABLE_OBJC_ARC" = "YES"; "GENERATE_INFOPLIST_FILE" = "NO"; "ENABLE_APP_SANDBOX" = "NO"; "ENABLE_HARDENED_RUNTIME" = "YES"; "ASSETCATALOG_COMPILER_APPICON_NAME" = "AppIcon"; "LD_RUNPATH_SEARCH_PATHS" = "$(inherited) @executable_path/../Frameworks"; "COMBINE_HIDPI_IMAGES" = "YES"; "SWIFT_OPTIMIZATION_LEVEL" = "-Onone"; "SWIFT_ACTIVE_COMPILATION_CONDITIONS" = "DEBUG $(inherited)"; "ENABLE_TESTABILITY" = "YES"; }; };
466D20FBCECD50304EB1AEB7 = { "isa" = "XCBuildConfiguration"; "name" = "Release"; "buildSettings" = { "PRODUCT_NAME" = "$(TARGET_NAME)"; "PRODUCT_BUNDLE_IDENTIFIER" = "app.wayfarer.mac"; "INFOPLIST_FILE" = "Info.plist"; "SWIFT_OBJC_BRIDGING_HEADER" = "Sources/Wayfarer/RemoteLayer.h"; "CLANG_ENABLE_OBJC_ARC" = "YES"; "GENERATE_INFOPLIST_FILE" = "NO"; "ENABLE_APP_SANDBOX" = "NO"; "ENABLE_HARDENED_RUNTIME" = "YES"; "ASSETCATALOG_COMPILER_APPICON_NAME" = "AppIcon"; "LD_RUNPATH_SEARCH_PATHS" = "$(inherited) @executable_path/../Frameworks"; "COMBINE_HIDPI_IMAGES" = "YES"; "SWIFT_OPTIMIZATION_LEVEL" = "-O"; }; };
3C04D03BAD2455F21534F0AD = { "isa" = "XCConfigurationList"; "buildConfigurations" = ( "702A057C813F700DC90695F1", "466D20FBCECD50304EB1AEB7", ); "defaultConfigurationIsVisible" = "0"; "defaultConfigurationName" = "Release"; };
C1E9827DB735CA9BAA54A540 = { "isa" = "PBXNativeTarget"; "name" = "Wayfarer"; "productName" = "Wayfarer"; "productReference" = "681C948D238C526E9E3424E0"; "productType" = "com.apple.product-type.application"; "buildPhases" = ( "6F77D3785F2EEC1E72A218DC", "F3DC3E91A8687A5CB81076F4", "0243DE6283AFEB6EFDD2B1F3", "78420BE6AEAF600779341E5E", ); "buildRules" = ( ); "dependencies" = ( "4CEAD19CA19EBCB5DADF2A14", "9272F92DC104FD3DBC080666", ); "buildConfigurationList" = "3C04D03BAD2455F21534F0AD"; };
ACF61A3FDADFB28C76F9BA3B = { "isa" = "PBXBuildFile"; "fileRef" = "855925633AFA56FA48609B79"; };
C0DD6936B395664E5CD9F7D6 = { "isa" = "PBXBuildFile"; "fileRef" = "76F4C4838B836C5D7C1D394A"; };
2C0CC3B7AE60AA5A168EDDF0 = { "isa" = "PBXBuildFile"; "fileRef" = "70025F4BD2A4EBB4EB541648"; };
8858AA96D36BFB022170C183 = { "isa" = "PBXBuildFile"; "fileRef" = "60BC7D0C27F487C5A2F2C0B2"; };
21D774621DE51354F77A6814 = { "isa" = "PBXBuildFile"; "fileRef" = "BF016FA3EDAB980D405056C0"; };
798560EECD362B917733ED87 = { "isa" = "PBXBuildFile"; "fileRef" = "1CC288E1D53F9A15AEFFD2F8"; };
CECA006F8CC1464D66004A34 = { "isa" = "PBXBuildFile"; "fileRef" = "31F95ED6864C30D07DF4D550"; };
78E4ACCEE55E999C16B59A94 = { "isa" = "PBXBuildFile"; "fileRef" = "BED0CB9462BB4DC184B279B7"; };
85D937320BDF1DC1B9F12707 = { "isa" = "PBXBuildFile"; "fileRef" = "1017ED4C3E8FAB860FC69557"; };
37D10F2C928520E94F638170 = { "isa" = "PBXBuildFile"; "fileRef" = "8833400EFF19992239E52BD1"; };
3E1F5073964F013CA0EC7CC8 = { "isa" = "PBXBuildFile"; "fileRef" = "B251B0B47E9E7E978AC49DD5"; };
F1FDE1BB3BCCDA19814C52E7 = { "isa" = "PBXBuildFile"; "fileRef" = "338315855A96542BA4618DC8"; };
8FF96246C6024B83E4B87910 = { "isa" = "PBXBuildFile"; "fileRef" = "BB3D400E895BDA249EF6A1B5"; };
45AE3C5250C68E46E2883174 = { "isa" = "PBXBuildFile"; "fileRef" = "E25CE1985EACB696C35A9609"; };
659E96E423A0438867DF5E1D = { "isa" = "PBXBuildFile"; "fileRef" = "BDD2A5D85845CC9210724D8D"; };
261B93B0E4E0D1EFD82174F0 = { "isa" = "PBXSourcesBuildPhase"; "buildActionMask" = "2147483647"; "files" = ( "ACF61A3FDADFB28C76F9BA3B", "C0DD6936B395664E5CD9F7D6", "2C0CC3B7AE60AA5A168EDDF0", "8858AA96D36BFB022170C183", "21D774621DE51354F77A6814", "798560EECD362B917733ED87", "CECA006F8CC1464D66004A34", "78E4ACCEE55E999C16B59A94", "85D937320BDF1DC1B9F12707", "37D10F2C928520E94F638170", "3E1F5073964F013CA0EC7CC8", "F1FDE1BB3BCCDA19814C52E7", "8FF96246C6024B83E4B87910", "45AE3C5250C68E46E2883174", "659E96E423A0438867DF5E1D", ); "runOnlyForDeploymentPostprocessing" = "0"; };
BCC7589284F072234E625E8C = { "isa" = "PBXBuildFile"; "fileRef" = "F5AE27228AC34400DE4A3768"; };
54E5BCF252F3BD8568B8EFC5 = { "isa" = "PBXFrameworksBuildPhase"; "buildActionMask" = "2147483647"; "files" = ( "BCC7589284F072234E625E8C", ); "runOnlyForDeploymentPostprocessing" = "0"; };
73633B01889A13B1B50861BC = { "isa" = "XCBuildConfiguration"; "name" = "Debug"; "buildSettings" = { "PRODUCT_NAME" = "$(TARGET_NAME)"; "PRODUCT_BUNDLE_IDENTIFIER" = "app.wayfarer.mac.coretests"; "GENERATE_INFOPLIST_FILE" = "YES"; "MACOSX_DEPLOYMENT_TARGET" = "14.0"; "LD_RUNPATH_SEARCH_PATHS" = "$(inherited) @loader_path/../Frameworks @executable_path/../Frameworks"; "SKIP_INSTALL" = "YES"; "SWIFT_OPTIMIZATION_LEVEL" = "-Onone"; "SWIFT_ACTIVE_COMPILATION_CONDITIONS" = "DEBUG $(inherited)"; "ENABLE_TESTABILITY" = "YES"; }; };
BCDB3400D82D63D23D2FACDD = { "isa" = "XCBuildConfiguration"; "name" = "Release"; "buildSettings" = { "PRODUCT_NAME" = "$(TARGET_NAME)"; "PRODUCT_BUNDLE_IDENTIFIER" = "app.wayfarer.mac.coretests"; "GENERATE_INFOPLIST_FILE" = "YES"; "MACOSX_DEPLOYMENT_TARGET" = "14.0"; "LD_RUNPATH_SEARCH_PATHS" = "$(inherited) @loader_path/../Frameworks @executable_path/../Frameworks"; "SKIP_INSTALL" = "YES"; "SWIFT_OPTIMIZATION_LEVEL" = "-O"; }; };
D40F9E2C8418B3C3128C8415 = { "isa" = "XCConfigurationList"; "buildConfigurations" = ( "73633B01889A13B1B50861BC", "BCDB3400D82D63D23D2FACDD", ); "defaultConfigurationIsVisible" = "0"; "defaultConfigurationName" = "Release"; };
9805CBD60EB4F66728D5D195 = { "isa" = "PBXNativeTarget"; "name" = "WayfarerCoreTests"; "productName" = "WayfarerCoreTests"; "productReference" = "F739566ED5280322FF98A798"; "productType" = "com.apple.product-type.bundle.unit-test"; "buildPhases" = ( "261B93B0E4E0D1EFD82174F0", "54E5BCF252F3BD8568B8EFC5", ); "buildRules" = ( ); "dependencies" = ( "4CEAD19CA19EBCB5DADF2A14", ); "buildConfigurationList" = "D40F9E2C8418B3C3128C8415"; };
244210E48437B6556980A702 = { "isa" = "PBXProject"; "attributes" = { "LastUpgradeCheck" = "1500"; "BuildIndependentTargetsInParallel" = "YES"; }; "buildConfigurationList" = "1E4B6209DBC7689E3E7CF89C"; "compatibilityVersion" = "Xcode 14.0"; "developmentRegion" = "en"; "hasScannedForEncodings" = "0"; "knownRegions" = ( "en", "Base", ); "mainGroup" = "19F479106CE8C3BA8C106518"; "productRefGroup" = "0A3E27B8CA818264D75C8D81"; "projectDirPath" = ""; "projectRoot" = ""; "targets" = ( "C1E9827DB735CA9BAA54A540", "25E3460655BEFB411149C858", "9805CBD60EB4F66728D5D195", "D7D71A3426134CC3479C3C50", ); };
};
rootObject = 244210E48437B6556980A702;
}
